// !$*UTF8*$!
{
	archiveVersion = 1;
	classes = {
	};
	objectVersion = 55;
	objects = {

/* Begin PBXBuildFile section */
		040C6EAA276B7D4500291DEB /* CustomizeVM.swift in Sources */ = {isa = PBXBuildFile; fileRef = 040C6EA9276B7D4500291DEB /* CustomizeVM.swift */; };
		040C6EAC276B7D9F00291DEB /* CustomizeView.swift in Sources */ = {isa = PBXBuildFile; fileRef = 040C6EAB276B7D9F00291DEB /* CustomizeView.swift */; };
		040CD2BC2756D497002E0CC6 /* CGImage++.swift in Sources */ = {isa = PBXBuildFile; fileRef = 040CD2BB2756D497002E0CC6 /* CGImage++.swift */; };
		040E97272760FF3E003D9D42 /* MetadataExtractorError.swift in Sources */ = {isa = PBXBuildFile; fileRef = 040E97262760FF3E003D9D42 /* MetadataExtractorError.swift */; };
		040E972B27611C9C003D9D42 /* URL++.swift in Sources */ = {isa = PBXBuildFile; fileRef = 040E972A27611C9C003D9D42 /* URL++.swift */; };
		040E972D27611DEA003D9D42 /* XcodeCacheSwitch.swift in Sources */ = {isa = PBXBuildFile; fileRef = 040E972C27611DEA003D9D42 /* XcodeCacheSwitch.swift */; };
		04243487275641DB0044D0AD /* SwitchProvider.swift in Sources */ = {isa = PBXBuildFile; fileRef = 04243486275641DB0044D0AD /* SwitchProvider.swift */; };
		04243489275642370044D0AD /* HiddenDesktopSwitch.swift in Sources */ = {isa = PBXBuildFile; fileRef = 04243488275642370044D0AD /* HiddenDesktopSwitch.swift */; };
		0424348B275642D20044D0AD /* DarkModeSwitch.swift in Sources */ = {isa = PBXBuildFile; fileRef = 0424348A275642D20044D0AD /* DarkModeSwitch.swift */; };
		0424348D275643560044D0AD /* TopNotchSwitch.swift in Sources */ = {isa = PBXBuildFile; fileRef = 0424348C275643560044D0AD /* TopNotchSwitch.swift */; };
		0424348F27565F9F0044D0AD /* NSAppleEventDescriptor.swift in Sources */ = {isa = PBXBuildFile; fileRef = 0424348E27565F9F0044D0AD /* NSAppleEventDescriptor.swift */; };
		0426613A2780B885005DF2B9 /* LowPowerModeSwitch.swift in Sources */ = {isa = PBXBuildFile; fileRef = 042661392780B885005DF2B9 /* LowPowerModeSwitch.swift */; };
		0427B25B275D786400AD783A /* SystemInfo.swift in Sources */ = {isa = PBXBuildFile; fileRef = 0427B25A275D786400AD783A /* SystemInfo.swift */; };
		0430887E275D707C00877E51 /* LaunchAtLogin in Frameworks */ = {isa = PBXBuildFile; productRef = 0430887D275D707C00877E51 /* LaunchAtLogin */; };
		043E5D662757C84900ADC004 /* HiddenModifier.swift in Sources */ = {isa = PBXBuildFile; fileRef = 043E5D652757C84900ADC004 /* HiddenModifier.swift */; };
		043E5D6A2757D68800ADC004 /* MuteSwitch.swift in Sources */ = {isa = PBXBuildFile; fileRef = 043E5D692757D68800ADC004 /* MuteSwitch.swift */; };
		043E5D6D2757DADB00ADC004 /* AVFoundation.framework in Frameworks */ = {isa = PBXBuildFile; fileRef = 043E5D6C2757DADB00ADC004 /* AVFoundation.framework */; };
		043E5D6F2758116800ADC004 /* NSSound_SystemVolumeExtension.swift in Sources */ = {isa = PBXBuildFile; fileRef = 043E5D6E2758116800ADC004 /* NSSound_SystemVolumeExtension.swift */; };
		043E5D712758176B00ADC004 /* SwitchToggle.swift in Sources */ = {isa = PBXBuildFile; fileRef = 043E5D702758176B00ADC004 /* SwitchToggle.swift */; };
		043E5D7327581C2E00ADC004 /* SwitchBarView.swift in Sources */ = {isa = PBXBuildFile; fileRef = 043E5D7227581C2E00ADC004 /* SwitchBarView.swift */; };
		043E5D752758208D00ADC004 /* SwitchBarVM.swift in Sources */ = {isa = PBXBuildFile; fileRef = 043E5D742758208D00ADC004 /* SwitchBarVM.swift */; };
		043E5D7A2758212A00ADC004 /* SwitchType.swift in Sources */ = {isa = PBXBuildFile; fileRef = 043E5D792758212A00ADC004 /* SwitchType.swift */; };
		043F5AE92784B8CC001DFDF0 /* IsDarkMode.swift in Sources */ = {isa = PBXBuildFile; fileRef = 043F5AE82784B8CC001DFDF0 /* IsDarkMode.swift */; };
		043F5AEB2784BE34001DFDF0 /* SetDarkMode.swift in Sources */ = {isa = PBXBuildFile; fileRef = 043F5AEA2784BE34001DFDF0 /* SetDarkMode.swift */; };
		0443A6B627599AAC00A3BCFD /* README.md in Resources */ = {isa = PBXBuildFile; fileRef = 0443A6B527599AAC00A3BCFD /* README.md */; };
		0443A6B82759A99700A3BCFD /* ScreenSaverSwitch.swift in Sources */ = {isa = PBXBuildFile; fileRef = 0443A6B72759A99700A3BCFD /* ScreenSaverSwitch.swift */; };
		04447B5C2754F08000CD2900 /* AppDelegate.swift in Sources */ = {isa = PBXBuildFile; fileRef = 04447B5B2754F08000CD2900 /* AppDelegate.swift */; };
		04447B5E2754F08000CD2900 /* OnlySwitchListView.swift in Sources */ = {isa = PBXBuildFile; fileRef = 04447B5D2754F08000CD2900 /* OnlySwitchListView.swift */; };
		04447B602754F08100CD2900 /* Assets.xcassets in Resources */ = {isa = PBXBuildFile; fileRef = 04447B5F2754F08100CD2900 /* Assets.xcassets */; };
		04447B632754F08100CD2900 /* Preview Assets.xcassets in Resources */ = {isa = PBXBuildFile; fileRef = 04447B622754F08100CD2900 /* Preview Assets.xcassets */; };
		04447B702754F21A00CD2900 /* StatusBarController.swift in Sources */ = {isa = PBXBuildFile; fileRef = 04447B6F2754F21A00CD2900 /* StatusBarController.swift */; };
		04447B722754FE3800CD2900 /* SwitchVM.swift in Sources */ = {isa = PBXBuildFile; fileRef = 04447B712754FE3800CD2900 /* SwitchVM.swift */; };
		04447B742755015A00CD2900 /* ShellCommandDefine.swift in Sources */ = {isa = PBXBuildFile; fileRef = 04447B732755015A00CD2900 /* ShellCommandDefine.swift */; };
		04447B7627550F6900CD2900 /* VisualEffectView.swift in Sources */ = {isa = PBXBuildFile; fileRef = 04447B7527550F6900CD2900 /* VisualEffectView.swift */; };
		04447B782755129D00CD2900 /* EventMonitor.swift in Sources */ = {isa = PBXBuildFile; fileRef = 04447B772755129D00CD2900 /* EventMonitor.swift */; };
		0457C25D2760046A00B25BFA /* BluetoothSwitch.swift in Sources */ = {isa = PBXBuildFile; fileRef = 0457C25C2760046A00B25BFA /* BluetoothSwitch.swift */; };
		04581DB02764CBCF008ADF30 /* SettingVM.swift in Sources */ = {isa = PBXBuildFile; fileRef = 04581DAF2764CBCF008ADF30 /* SettingVM.swift */; };
		04581DB6276506B9008ADF30 /* AlertToast in Frameworks */ = {isa = PBXBuildFile; productRef = 04581DB5276506B9008ADF30 /* AlertToast */; };
		04581DBB27651EF1008ADF30 /* RollingText.swift in Sources */ = {isa = PBXBuildFile; fileRef = 04581DBA27651EF1008ADF30 /* RollingText.swift */; };
		04581DBD27653C35008ADF30 /* AirPodsSettingView.swift in Sources */ = {isa = PBXBuildFile; fileRef = 04581DBC27653C35008ADF30 /* AirPodsSettingView.swift */; };
		04581DBF27653C4A008ADF30 /* AirPodsSettingVM.swift in Sources */ = {isa = PBXBuildFile; fileRef = 04581DBE27653C4A008ADF30 /* AirPodsSettingVM.swift */; };
		04581DC12765522A008ADF30 /* AboutView.swift in Sources */ = {isa = PBXBuildFile; fileRef = 04581DC02765522A008ADF30 /* AboutView.swift */; };
		04581DC327677ADC008ADF30 /* KeepAwakeSwitch.swift in Sources */ = {isa = PBXBuildFile; fileRef = 04581DC227677ADC008ADF30 /* KeepAwakeSwitch.swift */; };
		046331D32795DACB00C5F894 /* ShortcutsMarket.json in Resources */ = {isa = PBXBuildFile; fileRef = 046331D22795DACB00C5F894 /* ShortcutsMarket.json */; };
		046331D52795E1BC00C5F894 /* ColorDefine.swift in Sources */ = {isa = PBXBuildFile; fileRef = 046331D42795E1BC00C5F894 /* ColorDefine.swift */; };
		046FF3C6279A2C0B00506953 /* DockRecentSwitch.swift in Sources */ = {isa = PBXBuildFile; fileRef = 046FF3C5279A2C0B00506953 /* DockRecentSwitch.swift */; };
		047140B327788364005B160B /* mixkit-alert-bells-echo-765.wav in Resources */ = {isa = PBXBuildFile; fileRef = 047140B127788364005B160B /* mixkit-alert-bells-echo-765.wav */; };
		047140B427788364005B160B /* mixkit-bell-notification-933.wav in Resources */ = {isa = PBXBuildFile; fileRef = 047140B227788364005B160B /* mixkit-bell-notification-933.wav */; };
		047140B627788486005B160B /* EffectSoundHelper.swift in Sources */ = {isa = PBXBuildFile; fileRef = 047140B527788486005B160B /* EffectSoundHelper.swift */; };
		047140B8277884EE005B160B /* UserDefaultValue.swift in Sources */ = {isa = PBXBuildFile; fileRef = 047140B7277884EE005B160B /* UserDefaultValue.swift */; };
		047140BA2778890A005B160B /* PomodoroTimerSwitch.swift in Sources */ = {isa = PBXBuildFile; fileRef = 047140B92778890A005B160B /* PomodoroTimerSwitch.swift */; };
		047140BC2778935B005B160B /* TimerCountDownView.swift in Sources */ = {isa = PBXBuildFile; fileRef = 047140BB2778935B005B160B /* TimerCountDownView.swift */; };
		047140BE2778A416005B160B /* PomodoroTimerSettingView.swift in Sources */ = {isa = PBXBuildFile; fileRef = 047140BD2778A416005B160B /* PomodoroTimerSettingView.swift */; };
		047140C02778A478005B160B /* PomodoroTimerSettingVM.swift in Sources */ = {isa = PBXBuildFile; fileRef = 047140BF2778A478005B160B /* PomodoroTimerSettingVM.swift */; };
		047140C22778D2A1005B160B /* SmallLaunchpadIconSwitch.swift in Sources */ = {isa = PBXBuildFile; fileRef = 047140C12778D2A1005B160B /* SmallLaunchpadIconSwitch.swift */; };
		049337212761286400AE779A /* CleanProgressView.swift in Sources */ = {isa = PBXBuildFile; fileRef = 049337202761286400AE779A /* CleanProgressView.swift */; };
		0493372327615A4900AE779A /* AutohideMenuBarSwitch.swift in Sources */ = {isa = PBXBuildFile; fileRef = 0493372227615A4900AE779A /* AutohideMenuBarSwitch.swift */; };
		0493372527615EA400AE779A /* HiddenFilesSwitch.swift in Sources */ = {isa = PBXBuildFile; fileRef = 0493372427615EA400AE779A /* HiddenFilesSwitch.swift */; };
		0493374427625A1E00AE779A /* AudioPlayer.swift in Sources */ = {isa = PBXBuildFile; fileRef = 0493372727625A1E00AE779A /* AudioPlayer.swift */; };
		0493374527625A1E00AE779A /* JLASAudioPlayer.swift in Sources */ = {isa = PBXBuildFile; fileRef = 0493372827625A1E00AE779A /* JLASAudioPlayer.swift */; };
		0493374627625A1E00AE779A /* JLAVAudioPlayer.swift in Sources */ = {isa = PBXBuildFile; fileRef = 0493372927625A1E00AE779A /* JLAVAudioPlayer.swift */; };
		0493374727625A1E00AE779A /* PlayerManager.swift in Sources */ = {isa = PBXBuildFile; fileRef = 0493372A27625A1E00AE779A /* PlayerManager.swift */; };
		0493374827625A1E00AE779A /* StreamingDelegate.swift in Sources */ = {isa = PBXBuildFile; fileRef = 0493372D27625A1E00AE779A /* StreamingDelegate.swift */; };
		0493374927625A1E00AE779A /* Streaming.swift in Sources */ = {isa = PBXBuildFile; fileRef = 0493372E27625A1E00AE779A /* Streaming.swift */; };
		0493374A27625A1E00AE779A /* Streamer+DownloadableDelegate.swift in Sources */ = {isa = PBXBuildFile; fileRef = 0493372F27625A1E00AE779A /* Streamer+DownloadableDelegate.swift */; };
		0493374B27625A1E00AE779A /* StreamingState.swift in Sources */ = {isa = PBXBuildFile; fileRef = 0493373027625A1E00AE779A /* StreamingState.swift */; };
		0493374C27625A1E00AE779A /* Streamer.swift in Sources */ = {isa = PBXBuildFile; fileRef = 0493373127625A1E00AE779A /* Streamer.swift */; };
		0493374D27625A1E00AE779A /* Parser+PropertyListener.swift in Sources */ = {isa = PBXBuildFile; fileRef = 0493373327625A1E00AE779A /* Parser+PropertyListener.swift */; };
		0493374E27625A1E00AE779A /* ParserError.swift in Sources */ = {isa = PBXBuildFile; fileRef = 0493373427625A1E00AE779A /* ParserError.swift */; };
		0493374F27625A1E00AE779A /* Parser+Packets.swift in Sources */ = {isa = PBXBuildFile; fileRef = 0493373527625A1E00AE779A /* Parser+Packets.swift */; };
		0493375027625A1E00AE779A /* Parsing.swift in Sources */ = {isa = PBXBuildFile; fileRef = 0493373627625A1E00AE779A /* Parsing.swift */; };
		0493375127625A1E00AE779A /* Parser.swift in Sources */ = {isa = PBXBuildFile; fileRef = 0493373727625A1E00AE779A /* Parser.swift */; };
		0493375227625A1E00AE779A /* Reader.swift in Sources */ = {isa = PBXBuildFile; fileRef = 0493373927625A1E00AE779A /* Reader.swift */; };
		0493375327625A1E00AE779A /* Reading.swift in Sources */ = {isa = PBXBuildFile; fileRef = 0493373A27625A1E00AE779A /* Reading.swift */; };
		0493375427625A1E00AE779A /* ReaderError.swift in Sources */ = {isa = PBXBuildFile; fileRef = 0493373B27625A1E00AE779A /* ReaderError.swift */; };
		0493375527625A1E00AE779A /* Reader+Converter.swift in Sources */ = {isa = PBXBuildFile; fileRef = 0493373C27625A1E00AE779A /* Reader+Converter.swift */; };
		0493375627625A1E00AE779A /* Downloading.swift in Sources */ = {isa = PBXBuildFile; fileRef = 0493373E27625A1E00AE779A /* Downloading.swift */; };
		0493375727625A1E00AE779A /* Downloader.swift in Sources */ = {isa = PBXBuildFile; fileRef = 0493373F27625A1E00AE779A /* Downloader.swift */; };
		0493375827625A1E00AE779A /* Downloader+URLSessionDelegate.swift in Sources */ = {isa = PBXBuildFile; fileRef = 0493374027625A1E00AE779A /* Downloader+URLSessionDelegate.swift */; };
		0493375927625A1E00AE779A /* DownloadingState.swift in Sources */ = {isa = PBXBuildFile; fileRef = 0493374127625A1E00AE779A /* DownloadingState.swift */; };
		0493375A27625A1E00AE779A /* DownloadingDelegate.swift in Sources */ = {isa = PBXBuildFile; fileRef = 0493374227625A1E00AE779A /* DownloadingDelegate.swift */; };
		0493375B27625A1E00AE779A /* JLASAudioPlayer+Streamer.swift in Sources */ = {isa = PBXBuildFile; fileRef = 0493374327625A1E00AE779A /* JLASAudioPlayer+Streamer.swift */; };
		0493375F27625AAC00AE779A /* SpectrumView.swift in Sources */ = {isa = PBXBuildFile; fileRef = 0493375D27625AAC00AE779A /* SpectrumView.swift */; };
		0493376027625AAC00AE779A /* RealtimeAnalyzer.swift in Sources */ = {isa = PBXBuildFile; fileRef = 0493375E27625AAC00AE779A /* RealtimeAnalyzer.swift */; };
		0493376227625BBD00AE779A /* NSBezierPath++.swift in Sources */ = {isa = PBXBuildFile; fileRef = 0493376127625BBD00AE779A /* NSBezierPath++.swift */; };
		0493376427625D6F00AE779A /* RadioPlayerItem.swift in Sources */ = {isa = PBXBuildFile; fileRef = 0493376327625D6F00AE779A /* RadioPlayerItem.swift */; };
		04933766276262EB00AE779A /* SoundWaveView.swift in Sources */ = {isa = PBXBuildFile; fileRef = 04933765276262EB00AE779A /* SoundWaveView.swift */; };
		04933788276264D400AE779A /* BluredSoundWave.swift in Sources */ = {isa = PBXBuildFile; fileRef = 04933787276264D400AE779A /* BluredSoundWave.swift */; };
		0493378A2762651D00AE779A /* SoundWaveModel.swift in Sources */ = {isa = PBXBuildFile; fileRef = 049337892762651D00AE779A /* SoundWaveModel.swift */; };
		0493378C2762654600AE779A /* LayoutDefine.swift in Sources */ = {isa = PBXBuildFile; fileRef = 0493378B2762654600AE779A /* LayoutDefine.swift */; };
		0493378E2762665A00AE779A /* RadioStationSwitch.swift in Sources */ = {isa = PBXBuildFile; fileRef = 0493378D2762665A00AE779A /* RadioStationSwitch.swift */; };
		0493379027626FD200AE779A /* NetworkExtension.framework in Frameworks */ = {isa = PBXBuildFile; fileRef = 0493378F27626FD200AE779A /* NetworkExtension.framework */; };
		049337922762BA3200AE779A /* SettingView.swift in Sources */ = {isa = PBXBuildFile; fileRef = 049337912762BA3200AE779A /* SettingView.swift */; };
		049337942762BD1B00AE779A /* OpenWindow.swift in Sources */ = {isa = PBXBuildFile; fileRef = 049337932762BD1B00AE779A /* OpenWindow.swift */; };
		049337972762C07600AE779A /* RadioSettingView.swift in Sources */ = {isa = PBXBuildFile; fileRef = 049337962762C07600AE779A /* RadioSettingView.swift */; };
		049337992762C0B300AE779A /* RadioSettingVM.swift in Sources */ = {isa = PBXBuildFile; fileRef = 049337982762C0B300AE779A /* RadioSettingVM.swift */; };
		0493379C2763C09000AE779A /* OnlySwitch.xcdatamodeld in Sources */ = {isa = PBXBuildFile; fileRef = 0493379A2763C09000AE779A /* OnlySwitch.xcdatamodeld */; };
		0493379E2763C0E800AE779A /* Persistence.swift in Sources */ = {isa = PBXBuildFile; fileRef = 0493379D2763C0E800AE779A /* Persistence.swift */; };
		04938D002768CAEB00713F1D /* Localizable.strings in Resources */ = {isa = PBXBuildFile; fileRef = 04938D022768CAEB00713F1D /* Localizable.strings */; };
		04938D062768CB2000713F1D /* LocalizedString++.swift in Sources */ = {isa = PBXBuildFile; fileRef = 04938D052768CB2000713F1D /* LocalizedString++.swift */; };
		04938D082768CBA100713F1D /* LanguageManager.swift in Sources */ = {isa = PBXBuildFile; fileRef = 04938D072768CBA100713F1D /* LanguageManager.swift */; };
		04938D0A2769143300713F1D /* GeneralView.swift in Sources */ = {isa = PBXBuildFile; fileRef = 04938D092769143300713F1D /* GeneralView.swift */; };
		04938D0E2769247A00713F1D /* SendEmail.swift in Sources */ = {isa = PBXBuildFile; fileRef = 04938D0D2769247A00713F1D /* SendEmail.swift */; };
		04938D1027692B6900713F1D /* SwitchManager.swift in Sources */ = {isa = PBXBuildFile; fileRef = 04938D0F27692B6900713F1D /* SwitchManager.swift */; };
		04938D12276948DE00713F1D /* WallpaperManager.swift in Sources */ = {isa = PBXBuildFile; fileRef = 04938D11276948DE00713F1D /* WallpaperManager.swift */; };
		04A23B23275D5FC500B454C8 /* CoreBrightness.framework in Frameworks */ = {isa = PBXBuildFile; fileRef = 04A23B22275D5FC500B454C8 /* CoreBrightness.framework */; };
		04A23B2B275D61BC00B454C8 /* NightShiftSwitch.swift in Sources */ = {isa = PBXBuildFile; fileRef = 04A23B2A275D61BC00B454C8 /* NightShiftSwitch.swift */; };
		04A2FFF72755A3E500CE56A0 /* NSImage++.swift in Sources */ = {isa = PBXBuildFile; fileRef = 04A2FFF62755A3E500CE56A0 /* NSImage++.swift */; };
		04A2FFFA275636FA00CE56A0 /* String++.swift in Sources */ = {isa = PBXBuildFile; fileRef = 04A2FFF9275636FA00CE56A0 /* String++.swift */; };
		04A6B54B27715F90003B2647 /* Alamofire in Frameworks */ = {isa = PBXBuildFile; productRef = 04A6B54A27715F90003B2647 /* Alamofire */; };
		04A6B5502771F338003B2647 /* CheckUpdateTool.swift in Sources */ = {isa = PBXBuildFile; fileRef = 04A6B54F2771F338003B2647 /* CheckUpdateTool.swift */; };
		04A6F93F2788747600E3300F /* MuteMicSwitch.swift in Sources */ = {isa = PBXBuildFile; fileRef = 04A6F93E2788747600E3300F /* MuteMicSwitch.swift */; };
		04A6F9432788807800E3300F /* BarProvider.swift in Sources */ = {isa = PBXBuildFile; fileRef = 04A6F9422788807800E3300F /* BarProvider.swift */; };
		04A6F9452788EF4A00E3300F /* CursorModifier.swift in Sources */ = {isa = PBXBuildFile; fileRef = 04A6F9442788EF4A00E3300F /* CursorModifier.swift */; };
		04A9675A2786133F00F12830 /* GeneralVM.swift in Sources */ = {isa = PBXBuildFile; fileRef = 04A967592786133F00F12830 /* GeneralVM.swift */; };
		04AA63CE276BC94000ED5DEA /* EmptyTrashSwitch.swift in Sources */ = {isa = PBXBuildFile; fileRef = 04AA63CD276BC94000ED5DEA /* EmptyTrashSwitch.swift */; };
		04AA63D0276BCE1C00ED5DEA /* EmptyPasteboardSwitch.swift in Sources */ = {isa = PBXBuildFile; fileRef = 04AA63CF276BCE1C00ED5DEA /* EmptyPasteboardSwitch.swift */; };
		04B856352784B1B60061B56C /* GetWallpaperURL.swift in Sources */ = {isa = PBXBuildFile; fileRef = 04B856342784B1B60061B56C /* GetWallpaperURL.swift */; };
		04BF97682790897A00E7C0E2 /* ShowFinderPathbarSwitch.swift in Sources */ = {isa = PBXBuildFile; fileRef = 04BF97672790897A00E7C0E2 /* ShowFinderPathbarSwitch.swift */; };
		04BF976B27908D5400E7C0E2 /* KeyboardShortcuts in Frameworks */ = {isa = PBXBuildFile; productRef = 04BF976A27908D5400E7C0E2 /* KeyboardShortcuts */; };
		04D68B0D2770E9DF00BF2E90 /* ShowUserLibrarySwitch.swift in Sources */ = {isa = PBXBuildFile; fileRef = 04D68B0C2770E9DF00BF2E90 /* ShowUserLibrarySwitch.swift */; };
		04E03AF8275E6B4E00EA5FB9 /* AutohideDockSwitch.swift in Sources */ = {isa = PBXBuildFile; fileRef = 04E03AF7275E6B4E00EA5FB9 /* AutohideDockSwitch.swift */; };
		04E03AFE275EA4EF00EA5FB9 /* BluetoothDevicesManager.swift in Sources */ = {isa = PBXBuildFile; fileRef = 04E03AFD275EA4EF00EA5FB9 /* BluetoothDevicesManager.swift */; };
		04E03B00275F93B900EA5FB9 /* AirPodsSwitch.swift in Sources */ = {isa = PBXBuildFile; fileRef = 04E03AFF275F93B900EA5FB9 /* AirPodsSwitch.swift */; };
		04E03B04275FD98500EA5FB9 /* battery-airpods-monterey.sh in Resources */ = {isa = PBXBuildFile; fileRef = 04E03B03275FD98500EA5FB9 /* battery-airpods-monterey.sh */; };
		04E03B06275FEBE200EA5FB9 /* AirPodsBatteryView.swift in Sources */ = {isa = PBXBuildFile; fileRef = 04E03B05275FEBE200EA5FB9 /* AirPodsBatteryView.swift */; };
		04E2ACF9278267DE00BC5DF3 /* Intents.framework in Frameworks */ = {isa = PBXBuildFile; fileRef = 042661402780C147005DF2B9 /* Intents.framework */; platformFilter = maccatalyst; };
		04E2ACFC278267DE00BC5DF3 /* IntentHandler.swift in Sources */ = {isa = PBXBuildFile; fileRef = 04E2ACFB278267DE00BC5DF3 /* IntentHandler.swift */; };
		04E2AD00278267DE00BC5DF3 /* IntentsExtension.appex in Embed App Extensions */ = {isa = PBXBuildFile; fileRef = 04E2ACF8278267DE00BC5DF3 /* IntentsExtension.appex */; settings = {ATTRIBUTES = (RemoveHeadersOnCopy, ); }; };
		04E2AD0A2782734500BC5DF3 /* ShellCommandDefine.swift in Sources */ = {isa = PBXBuildFile; fileRef = 04447B732755015A00CD2900 /* ShellCommandDefine.swift */; };
		04E2AD0B2782734D00BC5DF3 /* String++.swift in Sources */ = {isa = PBXBuildFile; fileRef = 04A2FFF9275636FA00CE56A0 /* String++.swift */; };
		04E2AD0D2783624A00BC5DF3 /* Intents.intentdefinition in Sources */ = {isa = PBXBuildFile; fileRef = 04E2AD102783624A00BC5DF3 /* Intents.intentdefinition */; };
		04E2AD0E2783624A00BC5DF3 /* Intents.intentdefinition in Sources */ = {isa = PBXBuildFile; fileRef = 04E2AD102783624A00BC5DF3 /* Intents.intentdefinition */; };
		04E2AD142783A31300BC5DF3 /* GetWallpaperImage.swift in Sources */ = {isa = PBXBuildFile; fileRef = 04E2AD132783A31300BC5DF3 /* GetWallpaperImage.swift */; };
		04E2AD152783A37300BC5DF3 /* Assets.xcassets in Resources */ = {isa = PBXBuildFile; fileRef = 04447B5F2754F08100CD2900 /* Assets.xcassets */; };
		04E2AD172783A4E000BC5DF3 /* NSImage++.swift in Sources */ = {isa = PBXBuildFile; fileRef = 04E2AD162783A4E000BC5DF3 /* NSImage++.swift */; };
		04E2AD1A2783A50000BC5DF3 /* Data++.swift in Sources */ = {isa = PBXBuildFile; fileRef = 04E2AD192783A50000BC5DF3 /* Data++.swift */; };
		04E2AD1C2783A54000BC5DF3 /* URL++.swift in Sources */ = {isa = PBXBuildFile; fileRef = 04E2AD1B2783A54000BC5DF3 /* URL++.swift */; };
		04E2AD1E2783B63600BC5DF3 /* CurrentScreen.swift in Sources */ = {isa = PBXBuildFile; fileRef = 04E2AD1D2783B63600BC5DF3 /* CurrentScreen.swift */; };
		04E2AD1F2783B6C400BC5DF3 /* CurrentScreen.swift in Sources */ = {isa = PBXBuildFile; fileRef = 04E2AD1D2783B63600BC5DF3 /* CurrentScreen.swift */; };
		04E8BE3A2797241F00FF12B7 /* ShortcutsGalleryContributing.md in Resources */ = {isa = PBXBuildFile; fileRef = 04E8BE392797241F00FF12B7 /* ShortcutsGalleryContributing.md */; };
		04EB1CD02780F36F00C612AB /* ShortcutsSettingVM.swift in Sources */ = {isa = PBXBuildFile; fileRef = 04EB1CCF2780F36F00C612AB /* ShortcutsSettingVM.swift */; };
		04EB1CD22780F4F700C612AB /* ShortcutsView.swift in Sources */ = {isa = PBXBuildFile; fileRef = 04EB1CD12780F4F700C612AB /* ShortcutsView.swift */; };
		04EB1CD42781280900C612AB /* ShortCutBarView.swift in Sources */ = {isa = PBXBuildFile; fileRef = 04EB1CD32781280900C612AB /* ShortCutBarView.swift */; };
		04EB1CD62781299A00C612AB /* ShortcutsBarVM.swift in Sources */ = {isa = PBXBuildFile; fileRef = 04EB1CD52781299A00C612AB /* ShortcutsBarVM.swift */; };
		04FE2C922772880300C79FF9 /* ShowExtensionNameSwitch.swift in Sources */ = {isa = PBXBuildFile; fileRef = 04FE2C912772880300C79FF9 /* ShowExtensionNameSwitch.swift */; };
/* End PBXBuildFile section */

/* Begin PBXContainerItemProxy section */
		04E2ACFE278267DE00BC5DF3 /* PBXContainerItemProxy */ = {
			isa = PBXContainerItemProxy;
			containerPortal = 04447B502754F08000CD2900 /* Project object */;
			proxyType = 1;
			remoteGlobalIDString = 04E2ACF7278267DE00BC5DF3;
			remoteInfo = IntentsExtension;
		};
/* End PBXContainerItemProxy section */

/* Begin PBXCopyFilesBuildPhase section */
		042661862780CBDE005DF2B9 /* Embed App Extensions */ = {
			isa = PBXCopyFilesBuildPhase;
			buildActionMask = 2147483647;
			dstPath = "";
			dstSubfolderSpec = 13;
			files = (
				04E2AD00278267DE00BC5DF3 /* IntentsExtension.appex in Embed App Extensions */,
			);
			name = "Embed App Extensions";
			runOnlyForDeploymentPostprocessing = 0;
		};
/* End PBXCopyFilesBuildPhase section */

/* Begin PBXFileReference section */
		040C6EA9276B7D4500291DEB /* CustomizeVM.swift */ = {isa = PBXFileReference; lastKnownFileType = sourcecode.swift; path = CustomizeVM.swift; sourceTree = "<group>"; };
		040C6EAB276B7D9F00291DEB /* CustomizeView.swift */ = {isa = PBXFileReference; lastKnownFileType = sourcecode.swift; path = CustomizeView.swift; sourceTree = "<group>"; };
		040CD2BB2756D497002E0CC6 /* CGImage++.swift */ = {isa = PBXFileReference; lastKnownFileType = sourcecode.swift; path = "CGImage++.swift"; sourceTree = "<group>"; };
		040CD2BD27579CEA002E0CC6 /* Info.plist */ = {isa = PBXFileReference; lastKnownFileType = text.plist; path = Info.plist; sourceTree = "<group>"; };
		040E97262760FF3E003D9D42 /* MetadataExtractorError.swift */ = {isa = PBXFileReference; fileEncoding = 4; lastKnownFileType = sourcecode.swift; path = MetadataExtractorError.swift; sourceTree = "<group>"; };
		040E972A27611C9C003D9D42 /* URL++.swift */ = {isa = PBXFileReference; lastKnownFileType = sourcecode.swift; path = "URL++.swift"; sourceTree = "<group>"; };
		040E972C27611DEA003D9D42 /* XcodeCacheSwitch.swift */ = {isa = PBXFileReference; lastKnownFileType = sourcecode.swift; path = XcodeCacheSwitch.swift; sourceTree = "<group>"; };
		04243486275641DB0044D0AD /* SwitchProvider.swift */ = {isa = PBXFileReference; lastKnownFileType = sourcecode.swift; path = SwitchProvider.swift; sourceTree = "<group>"; };
		04243488275642370044D0AD /* HiddenDesktopSwitch.swift */ = {isa = PBXFileReference; lastKnownFileType = sourcecode.swift; path = HiddenDesktopSwitch.swift; sourceTree = "<group>"; };
		0424348A275642D20044D0AD /* DarkModeSwitch.swift */ = {isa = PBXFileReference; lastKnownFileType = sourcecode.swift; path = DarkModeSwitch.swift; sourceTree = "<group>"; };
		0424348C275643560044D0AD /* TopNotchSwitch.swift */ = {isa = PBXFileReference; lastKnownFileType = sourcecode.swift; path = TopNotchSwitch.swift; sourceTree = "<group>"; };
		0424348E27565F9F0044D0AD /* NSAppleEventDescriptor.swift */ = {isa = PBXFileReference; lastKnownFileType = sourcecode.swift; path = NSAppleEventDescriptor.swift; sourceTree = "<group>"; };
		042661392780B885005DF2B9 /* LowPowerModeSwitch.swift */ = {isa = PBXFileReference; lastKnownFileType = sourcecode.swift; path = LowPowerModeSwitch.swift; sourceTree = "<group>"; };
		042661402780C147005DF2B9 /* Intents.framework */ = {isa = PBXFileReference; lastKnownFileType = wrapper.framework; name = Intents.framework; path = System/Library/Frameworks/Intents.framework; sourceTree = SDKROOT; };
		0427B25A275D786400AD783A /* SystemInfo.swift */ = {isa = PBXFileReference; lastKnownFileType = sourcecode.swift; path = SystemInfo.swift; sourceTree = "<group>"; };
		043E5D652757C84900ADC004 /* HiddenModifier.swift */ = {isa = PBXFileReference; fileEncoding = 4; lastKnownFileType = sourcecode.swift; path = HiddenModifier.swift; sourceTree = "<group>"; };
		043E5D692757D68800ADC004 /* MuteSwitch.swift */ = {isa = PBXFileReference; lastKnownFileType = sourcecode.swift; path = MuteSwitch.swift; sourceTree = "<group>"; };
		043E5D6C2757DADB00ADC004 /* AVFoundation.framework */ = {isa = PBXFileReference; lastKnownFileType = wrapper.framework; name = AVFoundation.framework; path = System/Library/Frameworks/AVFoundation.framework; sourceTree = SDKROOT; };
		043E5D6E2758116800ADC004 /* NSSound_SystemVolumeExtension.swift */ = {isa = PBXFileReference; fileEncoding = 4; lastKnownFileType = sourcecode.swift; path = NSSound_SystemVolumeExtension.swift; sourceTree = "<group>"; };
		043E5D702758176B00ADC004 /* SwitchToggle.swift */ = {isa = PBXFileReference; lastKnownFileType = sourcecode.swift; path = SwitchToggle.swift; sourceTree = "<group>"; };
		043E5D7227581C2E00ADC004 /* SwitchBarView.swift */ = {isa = PBXFileReference; lastKnownFileType = sourcecode.swift; path = SwitchBarView.swift; sourceTree = "<group>"; };
		043E5D742758208D00ADC004 /* SwitchBarVM.swift */ = {isa = PBXFileReference; lastKnownFileType = sourcecode.swift; path = SwitchBarVM.swift; sourceTree = "<group>"; };
		043E5D792758212A00ADC004 /* SwitchType.swift */ = {isa = PBXFileReference; lastKnownFileType = sourcecode.swift; path = SwitchType.swift; sourceTree = "<group>"; };
		043F5AE82784B8CC001DFDF0 /* IsDarkMode.swift */ = {isa = PBXFileReference; lastKnownFileType = sourcecode.swift; path = IsDarkMode.swift; sourceTree = "<group>"; };
		043F5AEA2784BE34001DFDF0 /* SetDarkMode.swift */ = {isa = PBXFileReference; lastKnownFileType = sourcecode.swift; path = SetDarkMode.swift; sourceTree = "<group>"; };
		0443A6B527599AAC00A3BCFD /* README.md */ = {isa = PBXFileReference; fileEncoding = 4; lastKnownFileType = net.daringfireball.markdown; path = README.md; sourceTree = "<group>"; };
		0443A6B72759A99700A3BCFD /* ScreenSaverSwitch.swift */ = {isa = PBXFileReference; lastKnownFileType = sourcecode.swift; path = ScreenSaverSwitch.swift; sourceTree = "<group>"; };
		04447B582754F08000CD2900 /* OnlySwitch.app */ = {isa = PBXFileReference; explicitFileType = wrapper.application; includeInIndex = 0; path = OnlySwitch.app; sourceTree = BUILT_PRODUCTS_DIR; };
		04447B5B2754F08000CD2900 /* AppDelegate.swift */ = {isa = PBXFileReference; lastKnownFileType = sourcecode.swift; path = AppDelegate.swift; sourceTree = "<group>"; };
		04447B5D2754F08000CD2900 /* OnlySwitchListView.swift */ = {isa = PBXFileReference; lastKnownFileType = sourcecode.swift; path = OnlySwitchListView.swift; sourceTree = "<group>"; };
		04447B5F2754F08100CD2900 /* Assets.xcassets */ = {isa = PBXFileReference; lastKnownFileType = folder.assetcatalog; path = Assets.xcassets; sourceTree = "<group>"; };
		04447B622754F08100CD2900 /* Preview Assets.xcassets */ = {isa = PBXFileReference; lastKnownFileType = folder.assetcatalog; path = "Preview Assets.xcassets"; sourceTree = "<group>"; };
		04447B692754F08100CD2900 /* OnlySwitch.entitlements */ = {isa = PBXFileReference; lastKnownFileType = text.plist.entitlements; path = OnlySwitch.entitlements; sourceTree = "<group>"; };
		04447B6F2754F21A00CD2900 /* StatusBarController.swift */ = {isa = PBXFileReference; lastKnownFileType = sourcecode.swift; path = StatusBarController.swift; sourceTree = "<group>"; };
		04447B712754FE3800CD2900 /* SwitchVM.swift */ = {isa = PBXFileReference; lastKnownFileType = sourcecode.swift; path = SwitchVM.swift; sourceTree = "<group>"; };
		04447B732755015A00CD2900 /* ShellCommandDefine.swift */ = {isa = PBXFileReference; lastKnownFileType = sourcecode.swift; path = ShellCommandDefine.swift; sourceTree = "<group>"; };
		04447B7527550F6900CD2900 /* VisualEffectView.swift */ = {isa = PBXFileReference; lastKnownFileType = sourcecode.swift; path = VisualEffectView.swift; sourceTree = "<group>"; };
		04447B772755129D00CD2900 /* EventMonitor.swift */ = {isa = PBXFileReference; lastKnownFileType = sourcecode.swift; path = EventMonitor.swift; sourceTree = "<group>"; };
		04464F4C2791D46B0065DF61 /* tr */ = {isa = PBXFileReference; lastKnownFileType = text.plist.strings; name = tr; path = tr.lproj/Localizable.strings; sourceTree = "<group>"; };
		0457C25C2760046A00B25BFA /* BluetoothSwitch.swift */ = {isa = PBXFileReference; lastKnownFileType = sourcecode.swift; path = BluetoothSwitch.swift; sourceTree = "<group>"; };
		04581DAF2764CBCF008ADF30 /* SettingVM.swift */ = {isa = PBXFileReference; lastKnownFileType = sourcecode.swift; path = SettingVM.swift; sourceTree = "<group>"; };
		04581DBA27651EF1008ADF30 /* RollingText.swift */ = {isa = PBXFileReference; lastKnownFileType = sourcecode.swift; path = RollingText.swift; sourceTree = "<group>"; };
		04581DBC27653C35008ADF30 /* AirPodsSettingView.swift */ = {isa = PBXFileReference; lastKnownFileType = sourcecode.swift; path = AirPodsSettingView.swift; sourceTree = "<group>"; };
		04581DBE27653C4A008ADF30 /* AirPodsSettingVM.swift */ = {isa = PBXFileReference; lastKnownFileType = sourcecode.swift; path = AirPodsSettingVM.swift; sourceTree = "<group>"; };
		04581DC02765522A008ADF30 /* AboutView.swift */ = {isa = PBXFileReference; lastKnownFileType = sourcecode.swift; path = AboutView.swift; sourceTree = "<group>"; };
		04581DC227677ADC008ADF30 /* KeepAwakeSwitch.swift */ = {isa = PBXFileReference; lastKnownFileType = sourcecode.swift; path = KeepAwakeSwitch.swift; sourceTree = "<group>"; };
		046331D22795DACB00C5F894 /* ShortcutsMarket.json */ = {isa = PBXFileReference; lastKnownFileType = text.json; path = ShortcutsMarket.json; sourceTree = "<group>"; };
		046331D42795E1BC00C5F894 /* ColorDefine.swift */ = {isa = PBXFileReference; lastKnownFileType = sourcecode.swift; path = ColorDefine.swift; sourceTree = "<group>"; };
		046FF3C5279A2C0B00506953 /* DockRecentSwitch.swift */ = {isa = PBXFileReference; lastKnownFileType = sourcecode.swift; path = DockRecentSwitch.swift; sourceTree = "<group>"; };
		047140B127788364005B160B /* mixkit-alert-bells-echo-765.wav */ = {isa = PBXFileReference; lastKnownFileType = audio.wav; path = "mixkit-alert-bells-echo-765.wav"; sourceTree = "<group>"; };
		047140B227788364005B160B /* mixkit-bell-notification-933.wav */ = {isa = PBXFileReference; lastKnownFileType = audio.wav; path = "mixkit-bell-notification-933.wav"; sourceTree = "<group>"; };
		047140B527788486005B160B /* EffectSoundHelper.swift */ = {isa = PBXFileReference; lastKnownFileType = sourcecode.swift; path = EffectSoundHelper.swift; sourceTree = "<group>"; };
		047140B7277884EE005B160B /* UserDefaultValue.swift */ = {isa = PBXFileReference; lastKnownFileType = sourcecode.swift; path = UserDefaultValue.swift; sourceTree = "<group>"; };
		047140B92778890A005B160B /* PomodoroTimerSwitch.swift */ = {isa = PBXFileReference; lastKnownFileType = sourcecode.swift; path = PomodoroTimerSwitch.swift; sourceTree = "<group>"; };
		047140BB2778935B005B160B /* TimerCountDownView.swift */ = {isa = PBXFileReference; lastKnownFileType = sourcecode.swift; path = TimerCountDownView.swift; sourceTree = "<group>"; };
		047140BD2778A416005B160B /* PomodoroTimerSettingView.swift */ = {isa = PBXFileReference; lastKnownFileType = sourcecode.swift; path = PomodoroTimerSettingView.swift; sourceTree = "<group>"; };
		047140BF2778A478005B160B /* PomodoroTimerSettingVM.swift */ = {isa = PBXFileReference; lastKnownFileType = sourcecode.swift; path = PomodoroTimerSettingVM.swift; sourceTree = "<group>"; };
		047140C12778D2A1005B160B /* SmallLaunchpadIconSwitch.swift */ = {isa = PBXFileReference; lastKnownFileType = sourcecode.swift; path = SmallLaunchpadIconSwitch.swift; sourceTree = "<group>"; };
		049337202761286400AE779A /* CleanProgressView.swift */ = {isa = PBXFileReference; lastKnownFileType = sourcecode.swift; path = CleanProgressView.swift; sourceTree = "<group>"; };
		0493372227615A4900AE779A /* AutohideMenuBarSwitch.swift */ = {isa = PBXFileReference; lastKnownFileType = sourcecode.swift; path = AutohideMenuBarSwitch.swift; sourceTree = "<group>"; };
		0493372427615EA400AE779A /* HiddenFilesSwitch.swift */ = {isa = PBXFileReference; lastKnownFileType = sourcecode.swift; path = HiddenFilesSwitch.swift; sourceTree = "<group>"; };
		0493372727625A1E00AE779A /* AudioPlayer.swift */ = {isa = PBXFileReference; fileEncoding = 4; lastKnownFileType = sourcecode.swift; path = AudioPlayer.swift; sourceTree = "<group>"; };
		0493372827625A1E00AE779A /* JLASAudioPlayer.swift */ = {isa = PBXFileReference; fileEncoding = 4; lastKnownFileType = sourcecode.swift; path = JLASAudioPlayer.swift; sourceTree = "<group>"; };
		0493372927625A1E00AE779A /* JLAVAudioPlayer.swift */ = {isa = PBXFileReference; fileEncoding = 4; lastKnownFileType = sourcecode.swift; path = JLAVAudioPlayer.swift; sourceTree = "<group>"; };
		0493372A27625A1E00AE779A /* PlayerManager.swift */ = {isa = PBXFileReference; fileEncoding = 4; lastKnownFileType = sourcecode.swift; path = PlayerManager.swift; sourceTree = "<group>"; };
		0493372D27625A1E00AE779A /* StreamingDelegate.swift */ = {isa = PBXFileReference; fileEncoding = 4; lastKnownFileType = sourcecode.swift; path = StreamingDelegate.swift; sourceTree = "<group>"; };
		0493372E27625A1E00AE779A /* Streaming.swift */ = {isa = PBXFileReference; fileEncoding = 4; lastKnownFileType = sourcecode.swift; path = Streaming.swift; sourceTree = "<group>"; };
		0493372F27625A1E00AE779A /* Streamer+DownloadableDelegate.swift */ = {isa = PBXFileReference; fileEncoding = 4; lastKnownFileType = sourcecode.swift; path = "Streamer+DownloadableDelegate.swift"; sourceTree = "<group>"; };
		0493373027625A1E00AE779A /* StreamingState.swift */ = {isa = PBXFileReference; fileEncoding = 4; lastKnownFileType = sourcecode.swift; path = StreamingState.swift; sourceTree = "<group>"; };
		0493373127625A1E00AE779A /* Streamer.swift */ = {isa = PBXFileReference; fileEncoding = 4; lastKnownFileType = sourcecode.swift; path = Streamer.swift; sourceTree = "<group>"; };
		0493373327625A1E00AE779A /* Parser+PropertyListener.swift */ = {isa = PBXFileReference; fileEncoding = 4; lastKnownFileType = sourcecode.swift; path = "Parser+PropertyListener.swift"; sourceTree = "<group>"; };
		0493373427625A1E00AE779A /* ParserError.swift */ = {isa = PBXFileReference; fileEncoding = 4; lastKnownFileType = sourcecode.swift; path = ParserError.swift; sourceTree = "<group>"; };
		0493373527625A1E00AE779A /* Parser+Packets.swift */ = {isa = PBXFileReference; fileEncoding = 4; lastKnownFileType = sourcecode.swift; path = "Parser+Packets.swift"; sourceTree = "<group>"; };
		0493373627625A1E00AE779A /* Parsing.swift */ = {isa = PBXFileReference; fileEncoding = 4; lastKnownFileType = sourcecode.swift; path = Parsing.swift; sourceTree = "<group>"; };
		0493373727625A1E00AE779A /* Parser.swift */ = {isa = PBXFileReference; fileEncoding = 4; lastKnownFileType = sourcecode.swift; path = Parser.swift; sourceTree = "<group>"; };
		0493373927625A1E00AE779A /* Reader.swift */ = {isa = PBXFileReference; fileEncoding = 4; lastKnownFileType = sourcecode.swift; path = Reader.swift; sourceTree = "<group>"; };
		0493373A27625A1E00AE779A /* Reading.swift */ = {isa = PBXFileReference; fileEncoding = 4; lastKnownFileType = sourcecode.swift; path = Reading.swift; sourceTree = "<group>"; };
		0493373B27625A1E00AE779A /* ReaderError.swift */ = {isa = PBXFileReference; fileEncoding = 4; lastKnownFileType = sourcecode.swift; path = ReaderError.swift; sourceTree = "<group>"; };
		0493373C27625A1E00AE779A /* Reader+Converter.swift */ = {isa = PBXFileReference; fileEncoding = 4; lastKnownFileType = sourcecode.swift; path = "Reader+Converter.swift"; sourceTree = "<group>"; };
		0493373E27625A1E00AE779A /* Downloading.swift */ = {isa = PBXFileReference; fileEncoding = 4; lastKnownFileType = sourcecode.swift; path = Downloading.swift; sourceTree = "<group>"; };
		0493373F27625A1E00AE779A /* Downloader.swift */ = {isa = PBXFileReference; fileEncoding = 4; lastKnownFileType = sourcecode.swift; path = Downloader.swift; sourceTree = "<group>"; };
		0493374027625A1E00AE779A /* Downloader+URLSessionDelegate.swift */ = {isa = PBXFileReference; fileEncoding = 4; lastKnownFileType = sourcecode.swift; path = "Downloader+URLSessionDelegate.swift"; sourceTree = "<group>"; };
		0493374127625A1E00AE779A /* DownloadingState.swift */ = {isa = PBXFileReference; fileEncoding = 4; lastKnownFileType = sourcecode.swift; path = DownloadingState.swift; sourceTree = "<group>"; };
		0493374227625A1E00AE779A /* DownloadingDelegate.swift */ = {isa = PBXFileReference; fileEncoding = 4; lastKnownFileType = sourcecode.swift; path = DownloadingDelegate.swift; sourceTree = "<group>"; };
		0493374327625A1E00AE779A /* JLASAudioPlayer+Streamer.swift */ = {isa = PBXFileReference; fileEncoding = 4; lastKnownFileType = sourcecode.swift; path = "JLASAudioPlayer+Streamer.swift"; sourceTree = "<group>"; };
		0493375D27625AAC00AE779A /* SpectrumView.swift */ = {isa = PBXFileReference; fileEncoding = 4; lastKnownFileType = sourcecode.swift; path = SpectrumView.swift; sourceTree = "<group>"; };
		0493375E27625AAC00AE779A /* RealtimeAnalyzer.swift */ = {isa = PBXFileReference; fileEncoding = 4; lastKnownFileType = sourcecode.swift; path = RealtimeAnalyzer.swift; sourceTree = "<group>"; };
		0493376127625BBD00AE779A /* NSBezierPath++.swift */ = {isa = PBXFileReference; lastKnownFileType = sourcecode.swift; path = "NSBezierPath++.swift"; sourceTree = "<group>"; };
		0493376327625D6F00AE779A /* RadioPlayerItem.swift */ = {isa = PBXFileReference; lastKnownFileType = sourcecode.swift; path = RadioPlayerItem.swift; sourceTree = "<group>"; };
		04933765276262EB00AE779A /* SoundWaveView.swift */ = {isa = PBXFileReference; fileEncoding = 4; lastKnownFileType = sourcecode.swift; path = SoundWaveView.swift; sourceTree = "<group>"; };
		04933787276264D400AE779A /* BluredSoundWave.swift */ = {isa = PBXFileReference; fileEncoding = 4; lastKnownFileType = sourcecode.swift; path = BluredSoundWave.swift; sourceTree = "<group>"; };
		049337892762651D00AE779A /* SoundWaveModel.swift */ = {isa = PBXFileReference; fileEncoding = 4; lastKnownFileType = sourcecode.swift; path = SoundWaveModel.swift; sourceTree = "<group>"; };
		0493378B2762654600AE779A /* LayoutDefine.swift */ = {isa = PBXFileReference; lastKnownFileType = sourcecode.swift; path = LayoutDefine.swift; sourceTree = "<group>"; };
		0493378D2762665A00AE779A /* RadioStationSwitch.swift */ = {isa = PBXFileReference; lastKnownFileType = sourcecode.swift; path = RadioStationSwitch.swift; sourceTree = "<group>"; };
		0493378F27626FD200AE779A /* NetworkExtension.framework */ = {isa = PBXFileReference; lastKnownFileType = wrapper.framework; name = NetworkExtension.framework; path = System/Library/Frameworks/NetworkExtension.framework; sourceTree = SDKROOT; };
		049337912762BA3200AE779A /* SettingView.swift */ = {isa = PBXFileReference; lastKnownFileType = sourcecode.swift; path = SettingView.swift; sourceTree = "<group>"; };
		049337932762BD1B00AE779A /* OpenWindow.swift */ = {isa = PBXFileReference; lastKnownFileType = sourcecode.swift; path = OpenWindow.swift; sourceTree = "<group>"; };
		049337962762C07600AE779A /* RadioSettingView.swift */ = {isa = PBXFileReference; lastKnownFileType = sourcecode.swift; path = RadioSettingView.swift; sourceTree = "<group>"; };
		049337982762C0B300AE779A /* RadioSettingVM.swift */ = {isa = PBXFileReference; lastKnownFileType = sourcecode.swift; path = RadioSettingVM.swift; sourceTree = "<group>"; };
		0493379B2763C09000AE779A /* OnlySwitch.xcdatamodel */ = {isa = PBXFileReference; lastKnownFileType = wrapper.xcdatamodel; path = OnlySwitch.xcdatamodel; sourceTree = "<group>"; };
		0493379D2763C0E800AE779A /* Persistence.swift */ = {isa = PBXFileReference; fileEncoding = 4; lastKnownFileType = sourcecode.swift; path = Persistence.swift; sourceTree = "<group>"; };
		04938D012768CAEB00713F1D /* en */ = {isa = PBXFileReference; lastKnownFileType = text.plist.strings; name = en; path = en.lproj/Localizable.strings; sourceTree = "<group>"; };
		04938D032768CAEE00713F1D /* zh-Hans */ = {isa = PBXFileReference; lastKnownFileType = text.plist.strings; name = "zh-Hans"; path = "zh-Hans.lproj/Localizable.strings"; sourceTree = "<group>"; };
		04938D042768CAEF00713F1D /* de */ = {isa = PBXFileReference; lastKnownFileType = text.plist.strings; name = de; path = de.lproj/Localizable.strings; sourceTree = "<group>"; };
		04938D052768CB2000713F1D /* LocalizedString++.swift */ = {isa = PBXFileReference; fileEncoding = 4; lastKnownFileType = sourcecode.swift; path = "LocalizedString++.swift"; sourceTree = "<group>"; };
		04938D072768CBA100713F1D /* LanguageManager.swift */ = {isa = PBXFileReference; fileEncoding = 4; lastKnownFileType = sourcecode.swift; path = LanguageManager.swift; sourceTree = "<group>"; };
		04938D092769143300713F1D /* GeneralView.swift */ = {isa = PBXFileReference; lastKnownFileType = sourcecode.swift; path = GeneralView.swift; sourceTree = "<group>"; };
		04938D0D2769247A00713F1D /* SendEmail.swift */ = {isa = PBXFileReference; lastKnownFileType = sourcecode.swift; path = SendEmail.swift; sourceTree = "<group>"; };
		04938D0F27692B6900713F1D /* SwitchManager.swift */ = {isa = PBXFileReference; lastKnownFileType = sourcecode.swift; path = SwitchManager.swift; sourceTree = "<group>"; };
		04938D11276948DE00713F1D /* WallpaperManager.swift */ = {isa = PBXFileReference; lastKnownFileType = sourcecode.swift; path = WallpaperManager.swift; sourceTree = "<group>"; };
		04A23B22275D5FC500B454C8 /* CoreBrightness.framework */ = {isa = PBXFileReference; lastKnownFileType = wrapper.framework; name = CoreBrightness.framework; path = ../../../../System/Library/PrivateFrameworks/CoreBrightness.framework; sourceTree = "<group>"; };
		04A23B2A275D61BC00B454C8 /* NightShiftSwitch.swift */ = {isa = PBXFileReference; lastKnownFileType = sourcecode.swift; path = NightShiftSwitch.swift; sourceTree = "<group>"; };
		04A23B2C275D641900B454C8 /* OnlySwitch-Bridging-Header.h */ = {isa = PBXFileReference; lastKnownFileType = sourcecode.c.h; path = "OnlySwitch-Bridging-Header.h"; sourceTree = "<group>"; };
		04A23B2D275D69F700B454C8 /* CBBlueLightClient.h */ = {isa = PBXFileReference; lastKnownFileType = sourcecode.c.h; path = CBBlueLightClient.h; sourceTree = "<group>"; };
		04A2FFF62755A3E500CE56A0 /* NSImage++.swift */ = {isa = PBXFileReference; lastKnownFileType = sourcecode.swift; path = "NSImage++.swift"; sourceTree = "<group>"; };
		04A2FFF9275636FA00CE56A0 /* String++.swift */ = {isa = PBXFileReference; lastKnownFileType = sourcecode.swift; path = "String++.swift"; sourceTree = "<group>"; };
		04A6B54F2771F338003B2647 /* CheckUpdateTool.swift */ = {isa = PBXFileReference; lastKnownFileType = sourcecode.swift; path = CheckUpdateTool.swift; sourceTree = "<group>"; };
		04A6F93E2788747600E3300F /* MuteMicSwitch.swift */ = {isa = PBXFileReference; lastKnownFileType = sourcecode.swift; path = MuteMicSwitch.swift; sourceTree = "<group>"; };
		04A6F9422788807800E3300F /* BarProvider.swift */ = {isa = PBXFileReference; lastKnownFileType = sourcecode.swift; path = BarProvider.swift; sourceTree = "<group>"; };
		04A6F9442788EF4A00E3300F /* CursorModifier.swift */ = {isa = PBXFileReference; lastKnownFileType = sourcecode.swift; path = CursorModifier.swift; sourceTree = "<group>"; };
		04A6F950278B2D4A00E3300F /* hr */ = {isa = PBXFileReference; lastKnownFileType = text.plist.strings; name = hr; path = hr.lproj/Localizable.strings; sourceTree = "<group>"; };
		04A967592786133F00F12830 /* GeneralVM.swift */ = {isa = PBXFileReference; lastKnownFileType = sourcecode.swift; path = GeneralVM.swift; sourceTree = "<group>"; };
		04AA63CD276BC94000ED5DEA /* EmptyTrashSwitch.swift */ = {isa = PBXFileReference; lastKnownFileType = sourcecode.swift; path = EmptyTrashSwitch.swift; sourceTree = "<group>"; };
		04AA63CF276BCE1C00ED5DEA /* EmptyPasteboardSwitch.swift */ = {isa = PBXFileReference; lastKnownFileType = sourcecode.swift; path = EmptyPasteboardSwitch.swift; sourceTree = "<group>"; };
		04B856342784B1B60061B56C /* GetWallpaperURL.swift */ = {isa = PBXFileReference; lastKnownFileType = sourcecode.swift; path = GetWallpaperURL.swift; sourceTree = "<group>"; };
		04BF97672790897A00E7C0E2 /* ShowFinderPathbarSwitch.swift */ = {isa = PBXFileReference; lastKnownFileType = sourcecode.swift; path = ShowFinderPathbarSwitch.swift; sourceTree = "<group>"; };
		04D68B0C2770E9DF00BF2E90 /* ShowUserLibrarySwitch.swift */ = {isa = PBXFileReference; lastKnownFileType = sourcecode.swift; path = ShowUserLibrarySwitch.swift; sourceTree = "<group>"; };
		04E03AF7275E6B4E00EA5FB9 /* AutohideDockSwitch.swift */ = {isa = PBXFileReference; lastKnownFileType = sourcecode.swift; path = AutohideDockSwitch.swift; sourceTree = "<group>"; };
		04E03AFD275EA4EF00EA5FB9 /* BluetoothDevicesManager.swift */ = {isa = PBXFileReference; lastKnownFileType = sourcecode.swift; path = BluetoothDevicesManager.swift; sourceTree = "<group>"; };
		04E03AFF275F93B900EA5FB9 /* AirPodsSwitch.swift */ = {isa = PBXFileReference; lastKnownFileType = sourcecode.swift; path = AirPodsSwitch.swift; sourceTree = "<group>"; };
		04E03B03275FD98500EA5FB9 /* battery-airpods-monterey.sh */ = {isa = PBXFileReference; fileEncoding = 4; lastKnownFileType = text.script.sh; path = "battery-airpods-monterey.sh"; sourceTree = "<group>"; };
		04E03B05275FEBE200EA5FB9 /* AirPodsBatteryView.swift */ = {isa = PBXFileReference; lastKnownFileType = sourcecode.swift; path = AirPodsBatteryView.swift; sourceTree = "<group>"; };
		04E2ACF8278267DE00BC5DF3 /* IntentsExtension.appex */ = {isa = PBXFileReference; explicitFileType = "wrapper.app-extension"; includeInIndex = 0; path = IntentsExtension.appex; sourceTree = BUILT_PRODUCTS_DIR; };
		04E2ACFB278267DE00BC5DF3 /* IntentHandler.swift */ = {isa = PBXFileReference; lastKnownFileType = sourcecode.swift; path = IntentHandler.swift; sourceTree = "<group>"; };
		04E2ACFD278267DE00BC5DF3 /* Info.plist */ = {isa = PBXFileReference; lastKnownFileType = text.plist.xml; path = Info.plist; sourceTree = "<group>"; };
		04E2AD0C27827EAD00BC5DF3 /* IntentsExtension.entitlements */ = {isa = PBXFileReference; lastKnownFileType = text.plist.entitlements; path = IntentsExtension.entitlements; sourceTree = "<group>"; };
		04E2AD0F2783624A00BC5DF3 /* Base */ = {isa = PBXFileReference; lastKnownFileType = file.intentdefinition; name = Base; path = Base.lproj/Intents.intentdefinition; sourceTree = "<group>"; };
		04E2AD132783A31300BC5DF3 /* GetWallpaperImage.swift */ = {isa = PBXFileReference; lastKnownFileType = sourcecode.swift; path = GetWallpaperImage.swift; sourceTree = "<group>"; };
		04E2AD162783A4E000BC5DF3 /* NSImage++.swift */ = {isa = PBXFileReference; lastKnownFileType = sourcecode.swift; path = "NSImage++.swift"; sourceTree = "<group>"; };
		04E2AD192783A50000BC5DF3 /* Data++.swift */ = {isa = PBXFileReference; lastKnownFileType = sourcecode.swift; path = "Data++.swift"; sourceTree = "<group>"; };
		04E2AD1B2783A54000BC5DF3 /* URL++.swift */ = {isa = PBXFileReference; lastKnownFileType = sourcecode.swift; path = "URL++.swift"; sourceTree = "<group>"; };
		04E2AD1D2783B63600BC5DF3 /* CurrentScreen.swift */ = {isa = PBXFileReference; lastKnownFileType = sourcecode.swift; path = CurrentScreen.swift; sourceTree = "<group>"; };
		04E8BE392797241F00FF12B7 /* ShortcutsGalleryContributing.md */ = {isa = PBXFileReference; lastKnownFileType = net.daringfireball.markdown; path = ShortcutsGalleryContributing.md; sourceTree = "<group>"; };
		04EB1CCF2780F36F00C612AB /* ShortcutsSettingVM.swift */ = {isa = PBXFileReference; lastKnownFileType = sourcecode.swift; path = ShortcutsSettingVM.swift; sourceTree = "<group>"; };
		04EB1CD12780F4F700C612AB /* ShortcutsView.swift */ = {isa = PBXFileReference; lastKnownFileType = sourcecode.swift; path = ShortcutsView.swift; sourceTree = "<group>"; };
		04EB1CD32781280900C612AB /* ShortCutBarView.swift */ = {isa = PBXFileReference; lastKnownFileType = sourcecode.swift; path = ShortCutBarView.swift; sourceTree = "<group>"; };
		04EB1CD52781299A00C612AB /* ShortcutsBarVM.swift */ = {isa = PBXFileReference; lastKnownFileType = sourcecode.swift; path = ShortcutsBarVM.swift; sourceTree = "<group>"; };
		04FE2C912772880300C79FF9 /* ShowExtensionNameSwitch.swift */ = {isa = PBXFileReference; lastKnownFileType = sourcecode.swift; path = ShowExtensionNameSwitch.swift; sourceTree = "<group>"; };
/* End PBXFileReference section */

/* Begin PBXFrameworksBuildPhase section */
		04447B552754F08000CD2900 /* Frameworks */ = {
			isa = PBXFrameworksBuildPhase;
			buildActionMask = 2147483647;
			files = (
				0430887E275D707C00877E51 /* LaunchAtLogin in Frameworks */,
				04BF976B27908D5400E7C0E2 /* KeyboardShortcuts in Frameworks */,
				0493379027626FD200AE779A /* NetworkExtension.framework in Frameworks */,
				04A23B23275D5FC500B454C8 /* CoreBrightness.framework in Frameworks */,
				04A6B54B27715F90003B2647 /* Alamofire in Frameworks */,
				04581DB6276506B9008ADF30 /* AlertToast in Frameworks */,
				043E5D6D2757DADB00ADC004 /* AVFoundation.framework in Frameworks */,
			);
			runOnlyForDeploymentPostprocessing = 0;
		};
		04E2ACF5278267DE00BC5DF3 /* Frameworks */ = {
			isa = PBXFrameworksBuildPhase;
			buildActionMask = 2147483647;
			files = (
				04E2ACF9278267DE00BC5DF3 /* Intents.framework in Frameworks */,
			);
			runOnlyForDeploymentPostprocessing = 0;
		};
/* End PBXFrameworksBuildPhase section */

/* Begin PBXGroup section */
		04243485275641890044D0AD /* EverySwitch */ = {
			isa = PBXGroup;
			children = (
				04243486275641DB0044D0AD /* SwitchProvider.swift */,
				04938D0F27692B6900713F1D /* SwitchManager.swift */,
				04243488275642370044D0AD /* HiddenDesktopSwitch.swift */,
				0424348A275642D20044D0AD /* DarkModeSwitch.swift */,
				0424348C275643560044D0AD /* TopNotchSwitch.swift */,
				043E5D692757D68800ADC004 /* MuteSwitch.swift */,
				0443A6B72759A99700A3BCFD /* ScreenSaverSwitch.swift */,
				04A23B2A275D61BC00B454C8 /* NightShiftSwitch.swift */,
				04E03AF7275E6B4E00EA5FB9 /* AutohideDockSwitch.swift */,
				04E03AFF275F93B900EA5FB9 /* AirPodsSwitch.swift */,
				0457C25C2760046A00B25BFA /* BluetoothSwitch.swift */,
				040E972C27611DEA003D9D42 /* XcodeCacheSwitch.swift */,
				0493372227615A4900AE779A /* AutohideMenuBarSwitch.swift */,
				0493372427615EA400AE779A /* HiddenFilesSwitch.swift */,
				0493378D2762665A00AE779A /* RadioStationSwitch.swift */,
				04581DC227677ADC008ADF30 /* KeepAwakeSwitch.swift */,
				04AA63CD276BC94000ED5DEA /* EmptyTrashSwitch.swift */,
				04AA63CF276BCE1C00ED5DEA /* EmptyPasteboardSwitch.swift */,
				04D68B0C2770E9DF00BF2E90 /* ShowUserLibrarySwitch.swift */,
				04FE2C912772880300C79FF9 /* ShowExtensionNameSwitch.swift */,
				047140B92778890A005B160B /* PomodoroTimerSwitch.swift */,
				047140C12778D2A1005B160B /* SmallLaunchpadIconSwitch.swift */,
				042661392780B885005DF2B9 /* LowPowerModeSwitch.swift */,
				04A6F93E2788747600E3300F /* MuteMicSwitch.swift */,
				04BF97672790897A00E7C0E2 /* ShowFinderPathbarSwitch.swift */,
				046FF3C5279A2C0B00506953 /* DockRecentSwitch.swift */,
			);
			path = EverySwitch;
			sourceTree = "<group>";
		};
		043E5D672757C85500ADC004 /* View */ = {
			isa = PBXGroup;
			children = (
				04BF976D27908E2800E7C0E2 /* SwitchItem */,
				04BF976C27908E0100E7C0E2 /* OnlySwitchList */,
				04BF977927908FB900E7C0E2 /* SoundWave */,
				049337952762C05200AE779A /* Setting */,
				04447B7527550F6900CD2900 /* VisualEffectView.swift */,
			);
			path = View;
			sourceTree = "<group>";
		};
		043E5D682757C86400ADC004 /* ViewModel */ = {
			isa = PBXGroup;
			children = (
				04938D072768CBA100713F1D /* LanguageManager.swift */,
			);
			path = ViewModel;
			sourceTree = "<group>";
		};
		043E5D6B2757DADB00ADC004 /* Frameworks */ = {
			isa = PBXGroup;
			children = (
				0493378F27626FD200AE779A /* NetworkExtension.framework */,
				04A23B22275D5FC500B454C8 /* CoreBrightness.framework */,
				043E5D6C2757DADB00ADC004 /* AVFoundation.framework */,
				042661402780C147005DF2B9 /* Intents.framework */,
			);
			name = Frameworks;
			sourceTree = "<group>";
		};
		043E5D76275820B300ADC004 /* Modifier */ = {
			isa = PBXGroup;
			children = (
				043E5D652757C84900ADC004 /* HiddenModifier.swift */,
				04A6F9442788EF4A00E3300F /* CursorModifier.swift */,
			);
			path = Modifier;
			sourceTree = "<group>";
		};
		043E5D77275820DD00ADC004 /* Define */ = {
			isa = PBXGroup;
			children = (
				043E5D792758212A00ADC004 /* SwitchType.swift */,
				04447B732755015A00CD2900 /* ShellCommandDefine.swift */,
				0493378B2762654600AE779A /* LayoutDefine.swift */,
				049337932762BD1B00AE779A /* OpenWindow.swift */,
				047140B7277884EE005B160B /* UserDefaultValue.swift */,
				046331D42795E1BC00C5F894 /* ColorDefine.swift */,
			);
			path = Define;
			sourceTree = "<group>";
		};
		043E5D782758210000ADC004 /* StatusBar */ = {
			isa = PBXGroup;
			children = (
				04447B6F2754F21A00CD2900 /* StatusBarController.swift */,
				04447B772755129D00CD2900 /* EventMonitor.swift */,
			);
			path = StatusBar;
			sourceTree = "<group>";
		};
		04447B4F2754F08000CD2900 = {
			isa = PBXGroup;
			children = (
				04938D022768CAEB00713F1D /* Localizable.strings */,
				0443A6B527599AAC00A3BCFD /* README.md */,
				04E8BE392797241F00FF12B7 /* ShortcutsGalleryContributing.md */,
				04447B5A2754F08000CD2900 /* OnlySwitch */,
				04E2ACFA278267DE00BC5DF3 /* IntentsExtension */,
				04447B592754F08000CD2900 /* Products */,
				043E5D6B2757DADB00ADC004 /* Frameworks */,
			);
			sourceTree = "<group>";
		};
		04447B592754F08000CD2900 /* Products */ = {
			isa = PBXGroup;
			children = (
				04447B582754F08000CD2900 /* OnlySwitch.app */,
				04E2ACF8278267DE00BC5DF3 /* IntentsExtension.appex */,
			);
			name = Products;
			sourceTree = "<group>";
		};
		04447B5A2754F08000CD2900 /* OnlySwitch */ = {
			isa = PBXGroup;
			children = (
				046331D12795DA4C00C5F894 /* ShortcutsMarket */,
				0493379A2763C09000AE779A /* OnlySwitch.xcdatamodeld */,
				0493379D2763C0E800AE779A /* Persistence.swift */,
				040CD2BD27579CEA002E0CC6 /* Info.plist */,
				04447B5B2754F08000CD2900 /* AppDelegate.swift */,
				0493372627625A1E00AE779A /* Player */,
				04A23B27275D607200B454C8 /* Header */,
				04243485275641890044D0AD /* EverySwitch */,
				043E5D672757C85500ADC004 /* View */,
				043E5D682757C86400ADC004 /* ViewModel */,
				043E5D782758210000ADC004 /* StatusBar */,
				043E5D77275820DD00ADC004 /* Define */,
				043E5D76275820B300ADC004 /* Modifier */,
				04A2FFF8275636DD00CE56A0 /* Extension */,
				04E03B01275FD91200EA5FB9 /* Utilities */,
				04E03B02275FD92D00EA5FB9 /* Resource */,
				04447B5F2754F08100CD2900 /* Assets.xcassets */,
				04447B692754F08100CD2900 /* OnlySwitch.entitlements */,
				04447B612754F08100CD2900 /* Preview Content */,
			);
			path = OnlySwitch;
			sourceTree = "<group>";
		};
		04447B612754F08100CD2900 /* Preview Content */ = {
			isa = PBXGroup;
			children = (
				04447B622754F08100CD2900 /* Preview Assets.xcassets */,
			);
			path = "Preview Content";
			sourceTree = "<group>";
		};
		046331D12795DA4C00C5F894 /* ShortcutsMarket */ = {
			isa = PBXGroup;
			children = (
				046331D22795DACB00C5F894 /* ShortcutsMarket.json */,
			);
			path = ShortcutsMarket;
			sourceTree = "<group>";
		};
		0493372627625A1E00AE779A /* Player */ = {
			isa = PBXGroup;
			children = (
				0493375C27625AAC00AE779A /* AudioSpectrum */,
				0493372727625A1E00AE779A /* AudioPlayer.swift */,
				0493372827625A1E00AE779A /* JLASAudioPlayer.swift */,
				0493374327625A1E00AE779A /* JLASAudioPlayer+Streamer.swift */,
				0493372927625A1E00AE779A /* JLAVAudioPlayer.swift */,
				0493372A27625A1E00AE779A /* PlayerManager.swift */,
				0493372B27625A1E00AE779A /* AudioStreamer */,
				0493376327625D6F00AE779A /* RadioPlayerItem.swift */,
			);
			path = Player;
			sourceTree = "<group>";
		};
		0493372B27625A1E00AE779A /* AudioStreamer */ = {
			isa = PBXGroup;
			children = (
				0493372C27625A1E00AE779A /* Stream */,
				0493373227625A1E00AE779A /* Parse */,
				0493373827625A1E00AE779A /* Read */,
				0493373D27625A1E00AE779A /* Download */,
			);
			path = AudioStreamer;
			sourceTree = "<group>";
		};
		0493372C27625A1E00AE779A /* Stream */ = {
			isa = PBXGroup;
			children = (
				0493372D27625A1E00AE779A /* StreamingDelegate.swift */,
				0493372E27625A1E00AE779A /* Streaming.swift */,
				0493372F27625A1E00AE779A /* Streamer+DownloadableDelegate.swift */,
				0493373027625A1E00AE779A /* StreamingState.swift */,
				0493373127625A1E00AE779A /* Streamer.swift */,
			);
			path = Stream;
			sourceTree = "<group>";
		};
		0493373227625A1E00AE779A /* Parse */ = {
			isa = PBXGroup;
			children = (
				0493373327625A1E00AE779A /* Parser+PropertyListener.swift */,
				0493373427625A1E00AE779A /* ParserError.swift */,
				0493373527625A1E00AE779A /* Parser+Packets.swift */,
				0493373627625A1E00AE779A /* Parsing.swift */,
				0493373727625A1E00AE779A /* Parser.swift */,
			);
			path = Parse;
			sourceTree = "<group>";
		};
		0493373827625A1E00AE779A /* Read */ = {
			isa = PBXGroup;
			children = (
				0493373927625A1E00AE779A /* Reader.swift */,
				0493373A27625A1E00AE779A /* Reading.swift */,
				0493373B27625A1E00AE779A /* ReaderError.swift */,
				0493373C27625A1E00AE779A /* Reader+Converter.swift */,
			);
			path = Read;
			sourceTree = "<group>";
		};
		0493373D27625A1E00AE779A /* Download */ = {
			isa = PBXGroup;
			children = (
				0493373E27625A1E00AE779A /* Downloading.swift */,
				0493373F27625A1E00AE779A /* Downloader.swift */,
				0493374027625A1E00AE779A /* Downloader+URLSessionDelegate.swift */,
				0493374127625A1E00AE779A /* DownloadingState.swift */,
				0493374227625A1E00AE779A /* DownloadingDelegate.swift */,
			);
			path = Download;
			sourceTree = "<group>";
		};
		0493375C27625AAC00AE779A /* AudioSpectrum */ = {
			isa = PBXGroup;
			children = (
				0493375D27625AAC00AE779A /* SpectrumView.swift */,
				0493375E27625AAC00AE779A /* RealtimeAnalyzer.swift */,
			);
			path = AudioSpectrum;
			sourceTree = "<group>";
		};
		049337952762C05200AE779A /* Setting */ = {
			isa = PBXGroup;
			children = (
				04BF977127908EBC00E7C0E2 /* SettingView */,
				04BF977627908F1100E7C0E2 /* General */,
				04BF977227908ECE00E7C0E2 /* Customize */,
				04BF977827908F5400E7C0E2 /* Shortcuts */,
				04BF977327908EDF00E7C0E2 /* Radio */,
				04BF977427908EF000E7C0E2 /* AirPods */,
				04BF977727908F3500E7C0E2 /* PomodoroTimer */,
				04BF977527908F0000E7C0E2 /* About */,
			);
			path = Setting;
			sourceTree = "<group>";
		};
		04A23B27275D607200B454C8 /* Header */ = {
			isa = PBXGroup;
			children = (
				04A23B2C275D641900B454C8 /* OnlySwitch-Bridging-Header.h */,
				04A23B2D275D69F700B454C8 /* CBBlueLightClient.h */,
			);
			path = Header;
			sourceTree = "<group>";
		};
		04A2FFF8275636DD00CE56A0 /* Extension */ = {
			isa = PBXGroup;
			children = (
				04938D052768CB2000713F1D /* LocalizedString++.swift */,
				043E5D6E2758116800ADC004 /* NSSound_SystemVolumeExtension.swift */,
				04A2FFF62755A3E500CE56A0 /* NSImage++.swift */,
				04A2FFF9275636FA00CE56A0 /* String++.swift */,
				0424348E27565F9F0044D0AD /* NSAppleEventDescriptor.swift */,
				040CD2BB2756D497002E0CC6 /* CGImage++.swift */,
				040E972A27611C9C003D9D42 /* URL++.swift */,
				0493376127625BBD00AE779A /* NSBezierPath++.swift */,
			);
			path = Extension;
			sourceTree = "<group>";
		};
		04BF976C27908E0100E7C0E2 /* OnlySwitchList */ = {
			isa = PBXGroup;
			children = (
				04447B5D2754F08000CD2900 /* OnlySwitchListView.swift */,
				04447B712754FE3800CD2900 /* SwitchVM.swift */,
				04581DBA27651EF1008ADF30 /* RollingText.swift */,
			);
			path = OnlySwitchList;
			sourceTree = "<group>";
		};
		04BF976D27908E2800E7C0E2 /* SwitchItem */ = {
			isa = PBXGroup;
			children = (
				04BF976E27908E5100E7C0E2 /* SwitchBar */,
				04BF976F27908E7300E7C0E2 /* ShortcutsItem */,
				04A6F9422788807800E3300F /* BarProvider.swift */,
			);
			path = SwitchItem;
			sourceTree = "<group>";
		};
		04BF976E27908E5100E7C0E2 /* SwitchBar */ = {
			isa = PBXGroup;
			children = (
				043E5D7227581C2E00ADC004 /* SwitchBarView.swift */,
				043E5D742758208D00ADC004 /* SwitchBarVM.swift */,
				04E03B05275FEBE200EA5FB9 /* AirPodsBatteryView.swift */,
				043E5D702758176B00ADC004 /* SwitchToggle.swift */,
				049337202761286400AE779A /* CleanProgressView.swift */,
				047140BB2778935B005B160B /* TimerCountDownView.swift */,
			);
			path = SwitchBar;
			sourceTree = "<group>";
		};
		04BF976F27908E7300E7C0E2 /* ShortcutsItem */ = {
			isa = PBXGroup;
			children = (
				04EB1CD32781280900C612AB /* ShortCutBarView.swift */,
				04EB1CD52781299A00C612AB /* ShortcutsBarVM.swift */,
			);
			path = ShortcutsItem;
			sourceTree = "<group>";
		};
		04BF977127908EBC00E7C0E2 /* SettingView */ = {
			isa = PBXGroup;
			children = (
				049337912762BA3200AE779A /* SettingView.swift */,
				04581DAF2764CBCF008ADF30 /* SettingVM.swift */,
			);
			path = SettingView;
			sourceTree = "<group>";
		};
		04BF977227908ECE00E7C0E2 /* Customize */ = {
			isa = PBXGroup;
			children = (
				040C6EAB276B7D9F00291DEB /* CustomizeView.swift */,
				040C6EA9276B7D4500291DEB /* CustomizeVM.swift */,
			);
			path = Customize;
			sourceTree = "<group>";
		};
		04BF977327908EDF00E7C0E2 /* Radio */ = {
			isa = PBXGroup;
			children = (
				049337962762C07600AE779A /* RadioSettingView.swift */,
				049337982762C0B300AE779A /* RadioSettingVM.swift */,
			);
			path = Radio;
			sourceTree = "<group>";
		};
		04BF977427908EF000E7C0E2 /* AirPods */ = {
			isa = PBXGroup;
			children = (
				04581DBC27653C35008ADF30 /* AirPodsSettingView.swift */,
				04581DBE27653C4A008ADF30 /* AirPodsSettingVM.swift */,
			);
			path = AirPods;
			sourceTree = "<group>";
		};
		04BF977527908F0000E7C0E2 /* About */ = {
			isa = PBXGroup;
			children = (
				04581DC02765522A008ADF30 /* AboutView.swift */,
			);
			path = About;
			sourceTree = "<group>";
		};
		04BF977627908F1100E7C0E2 /* General */ = {
			isa = PBXGroup;
			children = (
				04938D092769143300713F1D /* GeneralView.swift */,
				04A967592786133F00F12830 /* GeneralVM.swift */,
			);
			path = General;
			sourceTree = "<group>";
		};
		04BF977727908F3500E7C0E2 /* PomodoroTimer */ = {
			isa = PBXGroup;
			children = (
				047140BD2778A416005B160B /* PomodoroTimerSettingView.swift */,
				047140BF2778A478005B160B /* PomodoroTimerSettingVM.swift */,
			);
			path = PomodoroTimer;
			sourceTree = "<group>";
		};
		04BF977827908F5400E7C0E2 /* Shortcuts */ = {
			isa = PBXGroup;
			children = (
				04EB1CD12780F4F700C612AB /* ShortcutsView.swift */,
				04EB1CCF2780F36F00C612AB /* ShortcutsSettingVM.swift */,
			);
			path = Shortcuts;
			sourceTree = "<group>";
		};
		04BF977927908FB900E7C0E2 /* SoundWave */ = {
			isa = PBXGroup;
			children = (
				049337892762651D00AE779A /* SoundWaveModel.swift */,
				04933765276262EB00AE779A /* SoundWaveView.swift */,
				04933787276264D400AE779A /* BluredSoundWave.swift */,
			);
			path = SoundWave;
			sourceTree = "<group>";
		};
		04E03B01275FD91200EA5FB9 /* Utilities */ = {
			isa = PBXGroup;
			children = (
				040E97262760FF3E003D9D42 /* MetadataExtractorError.swift */,
				04E03AFD275EA4EF00EA5FB9 /* BluetoothDevicesManager.swift */,
				0427B25A275D786400AD783A /* SystemInfo.swift */,
				04938D0D2769247A00713F1D /* SendEmail.swift */,
				04938D11276948DE00713F1D /* WallpaperManager.swift */,
				04A6B54F2771F338003B2647 /* CheckUpdateTool.swift */,
				047140B527788486005B160B /* EffectSoundHelper.swift */,
				04E2AD1D2783B63600BC5DF3 /* CurrentScreen.swift */,
			);
			path = Utilities;
			sourceTree = "<group>";
		};
		04E03B02275FD92D00EA5FB9 /* Resource */ = {
			isa = PBXGroup;
			children = (
				047140B127788364005B160B /* mixkit-alert-bells-echo-765.wav */,
				047140B227788364005B160B /* mixkit-bell-notification-933.wav */,
				04E03B03275FD98500EA5FB9 /* battery-airpods-monterey.sh */,
			);
			path = Resource;
			sourceTree = "<group>";
		};
		04E2ACFA278267DE00BC5DF3 /* IntentsExtension */ = {
			isa = PBXGroup;
			children = (
				04E2AD182783A4E900BC5DF3 /* Extension */,
				04E2AD0C27827EAD00BC5DF3 /* IntentsExtension.entitlements */,
				04E2AD0627826AC900BC5DF3 /* Actions */,
				04E2ACFB278267DE00BC5DF3 /* IntentHandler.swift */,
				04E2ACFD278267DE00BC5DF3 /* Info.plist */,
				04E2AD102783624A00BC5DF3 /* Intents.intentdefinition */,
			);
			path = IntentsExtension;
			sourceTree = "<group>";
		};
		04E2AD0627826AC900BC5DF3 /* Actions */ = {
			isa = PBXGroup;
			children = (
				04E2AD132783A31300BC5DF3 /* GetWallpaperImage.swift */,
				04B856342784B1B60061B56C /* GetWallpaperURL.swift */,
				043F5AE82784B8CC001DFDF0 /* IsDarkMode.swift */,
				043F5AEA2784BE34001DFDF0 /* SetDarkMode.swift */,
			);
			path = Actions;
			sourceTree = "<group>";
		};
		04E2AD182783A4E900BC5DF3 /* Extension */ = {
			isa = PBXGroup;
			children = (
				04E2AD162783A4E000BC5DF3 /* NSImage++.swift */,
				04E2AD192783A50000BC5DF3 /* Data++.swift */,
				04E2AD1B2783A54000BC5DF3 /* URL++.swift */,
			);
			path = Extension;
			sourceTree = "<group>";
		};
/* End PBXGroup section */

/* Begin PBXNativeTarget section */
		04447B572754F08000CD2900 /* OnlySwitch */ = {
			isa = PBXNativeTarget;
			buildConfigurationList = 04447B6C2754F08100CD2900 /* Build configuration list for PBXNativeTarget "OnlySwitch" */;
			buildPhases = (
				04447B542754F08000CD2900 /* Sources */,
				04447B552754F08000CD2900 /* Frameworks */,
				04447B562754F08000CD2900 /* Resources */,
				0430887F275D709C00877E51 /* Launch at Login Helper */,
				0427B25C275D791100AD783A /* ShellScript */,
				042661862780CBDE005DF2B9 /* Embed App Extensions */,
			);
			buildRules = (
			);
			dependencies = (
				04E2ACFF278267DE00BC5DF3 /* PBXTargetDependency */,
			);
			name = OnlySwitch;
			packageProductDependencies = (
				0430887D275D707C00877E51 /* LaunchAtLogin */,
				04581DB5276506B9008ADF30 /* AlertToast */,
				04A6B54A27715F90003B2647 /* Alamofire */,
				04BF976A27908D5400E7C0E2 /* KeyboardShortcuts */,
			);
			productName = OnlySwitch;
			productReference = 04447B582754F08000CD2900 /* OnlySwitch.app */;
			productType = "com.apple.product-type.application";
		};
		04E2ACF7278267DE00BC5DF3 /* IntentsExtension */ = {
			isa = PBXNativeTarget;
			buildConfigurationList = 04E2AD03278267DE00BC5DF3 /* Build configuration list for PBXNativeTarget "IntentsExtension" */;
			buildPhases = (
				04E2ACF4278267DE00BC5DF3 /* Sources */,
				04E2ACF5278267DE00BC5DF3 /* Frameworks */,
				04E2ACF6278267DE00BC5DF3 /* Resources */,
			);
			buildRules = (
			);
			dependencies = (
			);
			name = IntentsExtension;
			productName = IntentsExtension;
			productReference = 04E2ACF8278267DE00BC5DF3 /* IntentsExtension.appex */;
			productType = "com.apple.product-type.app-extension";
		};
/* End PBXNativeTarget section */

/* Begin PBXProject section */
		04447B502754F08000CD2900 /* Project object */ = {
			isa = PBXProject;
			attributes = {
				BuildIndependentTargetsInParallel = 1;
				LastSwiftUpdateCheck = 1320;
				LastUpgradeCheck = 1320;
				TargetAttributes = {
					04447B572754F08000CD2900 = {
						CreatedOnToolsVersion = 13.1;
					};
					04E2ACF7278267DE00BC5DF3 = {
						CreatedOnToolsVersion = 13.2;
					};
				};
			};
			buildConfigurationList = 04447B532754F08000CD2900 /* Build configuration list for PBXProject "OnlySwitch" */;
			compatibilityVersion = "Xcode 13.0";
			developmentRegion = en;
			hasScannedForEncodings = 0;
			knownRegions = (
				en,
				"zh-Hans",
				de,
				Base,
				hr,
				tr,
			);
			mainGroup = 04447B4F2754F08000CD2900;
			packageReferences = (
				0430887C275D707C00877E51 /* XCRemoteSwiftPackageReference "LaunchAtLogin" */,
				04581DB4276506B9008ADF30 /* XCRemoteSwiftPackageReference "AlertToast" */,
				04A6B54927715F90003B2647 /* XCRemoteSwiftPackageReference "Alamofire" */,
				04BF976927908D5400E7C0E2 /* XCRemoteSwiftPackageReference "KeyboardShortcuts" */,
			);
			productRefGroup = 04447B592754F08000CD2900 /* Products */;
			projectDirPath = "";
			projectRoot = "";
			targets = (
				04447B572754F08000CD2900 /* OnlySwitch */,
				04E2ACF7278267DE00BC5DF3 /* IntentsExtension */,
			);
		};
/* End PBXProject section */

/* Begin PBXResourcesBuildPhase section */
		04447B562754F08000CD2900 /* Resources */ = {
			isa = PBXResourcesBuildPhase;
			buildActionMask = 2147483647;
			files = (
				04938D002768CAEB00713F1D /* Localizable.strings in Resources */,
				0443A6B627599AAC00A3BCFD /* README.md in Resources */,
				04447B632754F08100CD2900 /* Preview Assets.xcassets in Resources */,
				04E8BE3A2797241F00FF12B7 /* ShortcutsGalleryContributing.md in Resources */,
				04E03B04275FD98500EA5FB9 /* battery-airpods-monterey.sh in Resources */,
				047140B327788364005B160B /* mixkit-alert-bells-echo-765.wav in Resources */,
				047140B427788364005B160B /* mixkit-bell-notification-933.wav in Resources */,
				04447B602754F08100CD2900 /* Assets.xcassets in Resources */,
				046331D32795DACB00C5F894 /* ShortcutsMarket.json in Resources */,
			);
			runOnlyForDeploymentPostprocessing = 0;
		};
		04E2ACF6278267DE00BC5DF3 /* Resources */ = {
			isa = PBXResourcesBuildPhase;
			buildActionMask = 2147483647;
			files = (
				04E2AD152783A37300BC5DF3 /* Assets.xcassets in Resources */,
			);
			runOnlyForDeploymentPostprocessing = 0;
		};
/* End PBXResourcesBuildPhase section */

/* Begin PBXShellScriptBuildPhase section */
		0427B25C275D791100AD783A /* ShellScript */ = {
			isa = PBXShellScriptBuildPhase;
			buildActionMask = 8;
			files = (
			);
			inputFileListPaths = (
			);
			inputPaths = (
			);
			outputFileListPaths = (
			);
			outputPaths = (
			);
			runOnlyForDeploymentPostprocessing = 1;
			shellPath = /bin/sh;
			shellScript = "# Type a script or drag a script file from your workspace to insert its path.\nbuildNumber=$(/usr/libexec/PlistBuddy -c \"Print CFBundleVersion\" \"${INFOPLIST_FILE}\")\nbuildNumber=$(($buildNumber + 1))\n/usr/libexec/PlistBuddy -c \"Set :CFBundleVersion $buildNumber\" \"${INFOPLIST_FILE}\"\n";
		};
		0430887F275D709C00877E51 /* Launch at Login Helper */ = {
			isa = PBXShellScriptBuildPhase;
			buildActionMask = 2147483647;
			files = (
			);
			inputFileListPaths = (
			);
			inputPaths = (
			);
			name = "Launch at Login Helper";
			outputFileListPaths = (
			);
			outputPaths = (
			);
			runOnlyForDeploymentPostprocessing = 0;
			shellPath = /bin/sh;
			shellScript = "# Type a script or drag a script file from your workspace to insert its path.\n\"${BUILT_PRODUCTS_DIR}/LaunchAtLogin_LaunchAtLogin.bundle/Contents/Resources/copy-helper-swiftpm.sh\"\n";
		};
/* End PBXShellScriptBuildPhase section */

/* Begin PBXSourcesBuildPhase section */
		04447B542754F08000CD2900 /* Sources */ = {
			isa = PBXSourcesBuildPhase;
			buildActionMask = 2147483647;
			files = (
				04EB1CD22780F4F700C612AB /* ShortcutsView.swift in Sources */,
				040CD2BC2756D497002E0CC6 /* CGImage++.swift in Sources */,
				04581DBF27653C4A008ADF30 /* AirPodsSettingVM.swift in Sources */,
				0493375627625A1E00AE779A /* Downloading.swift in Sources */,
				049337942762BD1B00AE779A /* OpenWindow.swift in Sources */,
				0424348B275642D20044D0AD /* DarkModeSwitch.swift in Sources */,
				0493374F27625A1E00AE779A /* Parser+Packets.swift in Sources */,
				04447B5E2754F08000CD2900 /* OnlySwitchListView.swift in Sources */,
				046331D52795E1BC00C5F894 /* ColorDefine.swift in Sources */,
				040C6EAC276B7D9F00291DEB /* CustomizeView.swift in Sources */,
				04E03AFE275EA4EF00EA5FB9 /* BluetoothDevicesManager.swift in Sources */,
				04447B722754FE3800CD2900 /* SwitchVM.swift in Sources */,
				0493375227625A1E00AE779A /* Reader.swift in Sources */,
				04581DC327677ADC008ADF30 /* KeepAwakeSwitch.swift in Sources */,
				04933788276264D400AE779A /* BluredSoundWave.swift in Sources */,
				049337972762C07600AE779A /* RadioSettingView.swift in Sources */,
				04447B742755015A00CD2900 /* ShellCommandDefine.swift in Sources */,
				0493374B27625A1E00AE779A /* StreamingState.swift in Sources */,
				04938D0E2769247A00713F1D /* SendEmail.swift in Sources */,
				0493374D27625A1E00AE779A /* Parser+PropertyListener.swift in Sources */,
				0493374827625A1E00AE779A /* StreamingDelegate.swift in Sources */,
				0457C25D2760046A00B25BFA /* BluetoothSwitch.swift in Sources */,
				04A2FFFA275636FA00CE56A0 /* String++.swift in Sources */,
				043E5D752758208D00ADC004 /* SwitchBarVM.swift in Sources */,
				04938D1027692B6900713F1D /* SwitchManager.swift in Sources */,
				0493374527625A1E00AE779A /* JLASAudioPlayer.swift in Sources */,
				04938D0A2769143300713F1D /* GeneralView.swift in Sources */,
				0493378A2762651D00AE779A /* SoundWaveModel.swift in Sources */,
				04938D082768CBA100713F1D /* LanguageManager.swift in Sources */,
				043E5D7327581C2E00ADC004 /* SwitchBarView.swift in Sources */,
				0427B25B275D786400AD783A /* SystemInfo.swift in Sources */,
				0493375527625A1E00AE779A /* Reader+Converter.swift in Sources */,
				0493374C27625A1E00AE779A /* Streamer.swift in Sources */,
				0493375327625A1E00AE779A /* Reading.swift in Sources */,
				0493375427625A1E00AE779A /* ReaderError.swift in Sources */,
				04BF97682790897A00E7C0E2 /* ShowFinderPathbarSwitch.swift in Sources */,
				0493375927625A1E00AE779A /* DownloadingState.swift in Sources */,
				043E5D6A2757D68800ADC004 /* MuteSwitch.swift in Sources */,
				0493378C2762654600AE779A /* LayoutDefine.swift in Sources */,
				049337992762C0B300AE779A /* RadioSettingVM.swift in Sources */,
				047140B627788486005B160B /* EffectSoundHelper.swift in Sources */,
				0493375B27625A1E00AE779A /* JLASAudioPlayer+Streamer.swift in Sources */,
				04AA63CE276BC94000ED5DEA /* EmptyTrashSwitch.swift in Sources */,
				0493378E2762665A00AE779A /* RadioStationSwitch.swift in Sources */,
				04EB1CD42781280900C612AB /* ShortCutBarView.swift in Sources */,
				04243489275642370044D0AD /* HiddenDesktopSwitch.swift in Sources */,
				0493374627625A1E00AE779A /* JLAVAudioPlayer.swift in Sources */,
				0426613A2780B885005DF2B9 /* LowPowerModeSwitch.swift in Sources */,
				04581DBD27653C35008ADF30 /* AirPodsSettingView.swift in Sources */,
				049337922762BA3200AE779A /* SettingView.swift in Sources */,
				0493376427625D6F00AE779A /* RadioPlayerItem.swift in Sources */,
				04A23B2B275D61BC00B454C8 /* NightShiftSwitch.swift in Sources */,
				046FF3C6279A2C0B00506953 /* DockRecentSwitch.swift in Sources */,
				0424348D275643560044D0AD /* TopNotchSwitch.swift in Sources */,
				040E972B27611C9C003D9D42 /* URL++.swift in Sources */,
				04A6F93F2788747600E3300F /* MuteMicSwitch.swift in Sources */,
				04A6B5502771F338003B2647 /* CheckUpdateTool.swift in Sources */,
				04581DBB27651EF1008ADF30 /* RollingText.swift in Sources */,
				0493374427625A1E00AE779A /* AudioPlayer.swift in Sources */,
				0493374E27625A1E00AE779A /* ParserError.swift in Sources */,
				04447B5C2754F08000CD2900 /* AppDelegate.swift in Sources */,
				047140C22778D2A1005B160B /* SmallLaunchpadIconSwitch.swift in Sources */,
				040C6EAA276B7D4500291DEB /* CustomizeVM.swift in Sources */,
				049337212761286400AE779A /* CleanProgressView.swift in Sources */,
				0493374927625A1E00AE779A /* Streaming.swift in Sources */,
				0493375027625A1E00AE779A /* Parsing.swift in Sources */,
				04447B7627550F6900CD2900 /* VisualEffectView.swift in Sources */,
				04A2FFF72755A3E500CE56A0 /* NSImage++.swift in Sources */,
				0493375827625A1E00AE779A /* Downloader+URLSessionDelegate.swift in Sources */,
				04E2AD1E2783B63600BC5DF3 /* CurrentScreen.swift in Sources */,
				043E5D7A2758212A00ADC004 /* SwitchType.swift in Sources */,
				04E03B00275F93B900EA5FB9 /* AirPodsSwitch.swift in Sources */,
				043E5D6F2758116800ADC004 /* NSSound_SystemVolumeExtension.swift in Sources */,
				04D68B0D2770E9DF00BF2E90 /* ShowUserLibrarySwitch.swift in Sources */,
				0493375F27625AAC00AE779A /* SpectrumView.swift in Sources */,
				047140BE2778A416005B160B /* PomodoroTimerSettingView.swift in Sources */,
				0424348F27565F9F0044D0AD /* NSAppleEventDescriptor.swift in Sources */,
				04447B782755129D00CD2900 /* EventMonitor.swift in Sources */,
				0493372327615A4900AE779A /* AutohideMenuBarSwitch.swift in Sources */,
				047140BA2778890A005B160B /* PomodoroTimerSwitch.swift in Sources */,
				04243487275641DB0044D0AD /* SwitchProvider.swift in Sources */,
				047140C02778A478005B160B /* PomodoroTimerSettingVM.swift in Sources */,
				04EB1CD02780F36F00C612AB /* ShortcutsSettingVM.swift in Sources */,
				0493374727625A1E00AE779A /* PlayerManager.swift in Sources */,
				0493372527615EA400AE779A /* HiddenFilesSwitch.swift in Sources */,
				04A6F9432788807800E3300F /* BarProvider.swift in Sources */,
				04E2AD0D2783624A00BC5DF3 /* Intents.intentdefinition in Sources */,
				04AA63D0276BCE1C00ED5DEA /* EmptyPasteboardSwitch.swift in Sources */,
				04E03AF8275E6B4E00EA5FB9 /* AutohideDockSwitch.swift in Sources */,
				04581DB02764CBCF008ADF30 /* SettingVM.swift in Sources */,
				04E03B06275FEBE200EA5FB9 /* AirPodsBatteryView.swift in Sources */,
				04EB1CD62781299A00C612AB /* ShortcutsBarVM.swift in Sources */,
				04A9675A2786133F00F12830 /* GeneralVM.swift in Sources */,
				04581DC12765522A008ADF30 /* AboutView.swift in Sources */,
				04938D12276948DE00713F1D /* WallpaperManager.swift in Sources */,
				04A6F9452788EF4A00E3300F /* CursorModifier.swift in Sources */,
				0493375127625A1E00AE779A /* Parser.swift in Sources */,
				04447B702754F21A00CD2900 /* StatusBarController.swift in Sources */,
				0493374A27625A1E00AE779A /* Streamer+DownloadableDelegate.swift in Sources */,
				0493376027625AAC00AE779A /* RealtimeAnalyzer.swift in Sources */,
				047140B8277884EE005B160B /* UserDefaultValue.swift in Sources */,
				04933766276262EB00AE779A /* SoundWaveView.swift in Sources */,
				0493375727625A1E00AE779A /* Downloader.swift in Sources */,
				0493376227625BBD00AE779A /* NSBezierPath++.swift in Sources */,
				040E972D27611DEA003D9D42 /* XcodeCacheSwitch.swift in Sources */,
				04FE2C922772880300C79FF9 /* ShowExtensionNameSwitch.swift in Sources */,
				043E5D662757C84900ADC004 /* HiddenModifier.swift in Sources */,
				047140BC2778935B005B160B /* TimerCountDownView.swift in Sources */,
				0493379E2763C0E800AE779A /* Persistence.swift in Sources */,
				0493375A27625A1E00AE779A /* DownloadingDelegate.swift in Sources */,
				043E5D712758176B00ADC004 /* SwitchToggle.swift in Sources */,
				040E97272760FF3E003D9D42 /* MetadataExtractorError.swift in Sources */,
				0443A6B82759A99700A3BCFD /* ScreenSaverSwitch.swift in Sources */,
				04938D062768CB2000713F1D /* LocalizedString++.swift in Sources */,
				0493379C2763C09000AE779A /* OnlySwitch.xcdatamodeld in Sources */,
			);
			runOnlyForDeploymentPostprocessing = 0;
		};
		04E2ACF4278267DE00BC5DF3 /* Sources */ = {
			isa = PBXSourcesBuildPhase;
			buildActionMask = 2147483647;
			files = (
				04E2AD0B2782734D00BC5DF3 /* String++.swift in Sources */,
				04E2AD142783A31300BC5DF3 /* GetWallpaperImage.swift in Sources */,
				04E2AD1F2783B6C400BC5DF3 /* CurrentScreen.swift in Sources */,
				04E2AD0A2782734500BC5DF3 /* ShellCommandDefine.swift in Sources */,
				04E2AD0E2783624A00BC5DF3 /* Intents.intentdefinition in Sources */,
				04E2ACFC278267DE00BC5DF3 /* IntentHandler.swift in Sources */,
				043F5AE92784B8CC001DFDF0 /* IsDarkMode.swift in Sources */,
				04E2AD172783A4E000BC5DF3 /* NSImage++.swift in Sources */,
				04E2AD1C2783A54000BC5DF3 /* URL++.swift in Sources */,
				04E2AD1A2783A50000BC5DF3 /* Data++.swift in Sources */,
				04B856352784B1B60061B56C /* GetWallpaperURL.swift in Sources */,
				043F5AEB2784BE34001DFDF0 /* SetDarkMode.swift in Sources */,
			);
			runOnlyForDeploymentPostprocessing = 0;
		};
/* End PBXSourcesBuildPhase section */

/* Begin PBXTargetDependency section */
		04E2ACFF278267DE00BC5DF3 /* PBXTargetDependency */ = {
			isa = PBXTargetDependency;
			target = 04E2ACF7278267DE00BC5DF3 /* IntentsExtension */;
			targetProxy = 04E2ACFE278267DE00BC5DF3 /* PBXContainerItemProxy */;
		};
/* End PBXTargetDependency section */

/* Begin PBXVariantGroup section */
		04938D022768CAEB00713F1D /* Localizable.strings */ = {
			isa = PBXVariantGroup;
			children = (
				04938D012768CAEB00713F1D /* en */,
				04938D032768CAEE00713F1D /* zh-Hans */,
				04938D042768CAEF00713F1D /* de */,
				04A6F950278B2D4A00E3300F /* hr */,
				04464F4C2791D46B0065DF61 /* tr */,
			);
			name = Localizable.strings;
			sourceTree = "<group>";
		};
		04E2AD102783624A00BC5DF3 /* Intents.intentdefinition */ = {
			isa = PBXVariantGroup;
			children = (
				04E2AD0F2783624A00BC5DF3 /* Base */,
			);
			name = Intents.intentdefinition;
			sourceTree = "<group>";
		};
/* End PBXVariantGroup section */

/* Begin XCBuildConfiguration section */
		04447B6A2754F08100CD2900 /* Debug */ = {
			isa = XCBuildConfiguration;
			buildSettings = {
				ALWAYS_SEARCH_USER_PATHS = NO;
				CLANG_ANALYZER_LOCALIZABILITY_NONLOCALIZED = YES;
				CLANG_ANALYZER_NONNULL = YES;
				CLANG_ANALYZER_NUMBER_OBJECT_CONVERSION = YES_AGGRESSIVE;
				CLANG_CXX_LANGUAGE_STANDARD = "gnu++17";
				CLANG_CXX_LIBRARY = "libc++";
				CLANG_ENABLE_MODULES = YES;
				CLANG_ENABLE_OBJC_ARC = YES;
				CLANG_ENABLE_OBJC_WEAK = YES;
				CLANG_WARN_BLOCK_CAPTURE_AUTORELEASING = YES;
				CLANG_WARN_BOOL_CONVERSION = YES;
				CLANG_WARN_COMMA = YES;
				CLANG_WARN_CONSTANT_CONVERSION = YES;
				CLANG_WARN_DEPRECATED_OBJC_IMPLEMENTATIONS = YES;
				CLANG_WARN_DIRECT_OBJC_ISA_USAGE = YES_ERROR;
				CLANG_WARN_DOCUMENTATION_COMMENTS = YES;
				CLANG_WARN_EMPTY_BODY = YES;
				CLANG_WARN_ENUM_CONVERSION = YES;
				CLANG_WARN_INFINITE_RECURSION = YES;
				CLANG_WARN_INT_CONVERSION = YES;
				CLANG_WARN_NON_LITERAL_NULL_CONVERSION = YES;
				CLANG_WARN_OBJC_IMPLICIT_RETAIN_SELF = YES;
				CLANG_WARN_OBJC_LITERAL_CONVERSION = YES;
				CLANG_WARN_OBJC_ROOT_CLASS = YES_ERROR;
				CLANG_WARN_QUOTED_INCLUDE_IN_FRAMEWORK_HEADER = YES;
				CLANG_WARN_RANGE_LOOP_ANALYSIS = YES;
				CLANG_WARN_STRICT_PROTOTYPES = YES;
				CLANG_WARN_SUSPICIOUS_MOVE = YES;
				CLANG_WARN_UNGUARDED_AVAILABILITY = YES_AGGRESSIVE;
				CLANG_WARN_UNREACHABLE_CODE = YES;
				CLANG_WARN__DUPLICATE_METHOD_MATCH = YES;
				COPY_PHASE_STRIP = NO;
				DEBUG_INFORMATION_FORMAT = dwarf;
				ENABLE_STRICT_OBJC_MSGSEND = YES;
				ENABLE_TESTABILITY = YES;
				GCC_C_LANGUAGE_STANDARD = gnu11;
				GCC_DYNAMIC_NO_PIC = NO;
				GCC_NO_COMMON_BLOCKS = YES;
				GCC_OPTIMIZATION_LEVEL = 0;
				GCC_PREPROCESSOR_DEFINITIONS = (
					"DEBUG=1",
					"$(inherited)",
				);
				GCC_WARN_64_TO_32_BIT_CONVERSION = YES;
				GCC_WARN_ABOUT_RETURN_TYPE = YES_ERROR;
				GCC_WARN_UNDECLARED_SELECTOR = YES;
				GCC_WARN_UNINITIALIZED_AUTOS = YES_AGGRESSIVE;
				GCC_WARN_UNUSED_FUNCTION = YES;
				GCC_WARN_UNUSED_VARIABLE = YES;
				MACOSX_DEPLOYMENT_TARGET = 12.0;
				MTL_ENABLE_DEBUG_INFO = INCLUDE_SOURCE;
				MTL_FAST_MATH = YES;
				ONLY_ACTIVE_ARCH = YES;
				SDKROOT = macosx;
				SWIFT_ACTIVE_COMPILATION_CONDITIONS = DEBUG;
				SWIFT_OPTIMIZATION_LEVEL = "-Onone";
			};
			name = Debug;
		};
		04447B6B2754F08100CD2900 /* Release */ = {
			isa = XCBuildConfiguration;
			buildSettings = {
				ALWAYS_SEARCH_USER_PATHS = NO;
				CLANG_ANALYZER_LOCALIZABILITY_NONLOCALIZED = YES;
				CLANG_ANALYZER_NONNULL = YES;
				CLANG_ANALYZER_NUMBER_OBJECT_CONVERSION = YES_AGGRESSIVE;
				CLANG_CXX_LANGUAGE_STANDARD = "gnu++17";
				CLANG_CXX_LIBRARY = "libc++";
				CLANG_ENABLE_MODULES = YES;
				CLANG_ENABLE_OBJC_ARC = YES;
				CLANG_ENABLE_OBJC_WEAK = YES;
				CLANG_WARN_BLOCK_CAPTURE_AUTORELEASING = YES;
				CLANG_WARN_BOOL_CONVERSION = YES;
				CLANG_WARN_COMMA = YES;
				CLANG_WARN_CONSTANT_CONVERSION = YES;
				CLANG_WARN_DEPRECATED_OBJC_IMPLEMENTATIONS = YES;
				CLANG_WARN_DIRECT_OBJC_ISA_USAGE = YES_ERROR;
				CLANG_WARN_DOCUMENTATION_COMMENTS = YES;
				CLANG_WARN_EMPTY_BODY = YES;
				CLANG_WARN_ENUM_CONVERSION = YES;
				CLANG_WARN_INFINITE_RECURSION = YES;
				CLANG_WARN_INT_CONVERSION = YES;
				CLANG_WARN_NON_LITERAL_NULL_CONVERSION = YES;
				CLANG_WARN_OBJC_IMPLICIT_RETAIN_SELF = YES;
				CLANG_WARN_OBJC_LITERAL_CONVERSION = YES;
				CLANG_WARN_OBJC_ROOT_CLASS = YES_ERROR;
				CLANG_WARN_QUOTED_INCLUDE_IN_FRAMEWORK_HEADER = YES;
				CLANG_WARN_RANGE_LOOP_ANALYSIS = YES;
				CLANG_WARN_STRICT_PROTOTYPES = YES;
				CLANG_WARN_SUSPICIOUS_MOVE = YES;
				CLANG_WARN_UNGUARDED_AVAILABILITY = YES_AGGRESSIVE;
				CLANG_WARN_UNREACHABLE_CODE = YES;
				CLANG_WARN__DUPLICATE_METHOD_MATCH = YES;
				COPY_PHASE_STRIP = NO;
				DEBUG_INFORMATION_FORMAT = "dwarf-with-dsym";
				ENABLE_NS_ASSERTIONS = NO;
				ENABLE_STRICT_OBJC_MSGSEND = YES;
				GCC_C_LANGUAGE_STANDARD = gnu11;
				GCC_NO_COMMON_BLOCKS = YES;
				GCC_WARN_64_TO_32_BIT_CONVERSION = YES;
				GCC_WARN_ABOUT_RETURN_TYPE = YES_ERROR;
				GCC_WARN_UNDECLARED_SELECTOR = YES;
				GCC_WARN_UNINITIALIZED_AUTOS = YES_AGGRESSIVE;
				GCC_WARN_UNUSED_FUNCTION = YES;
				GCC_WARN_UNUSED_VARIABLE = YES;
				MACOSX_DEPLOYMENT_TARGET = 12.0;
				MTL_ENABLE_DEBUG_INFO = NO;
				MTL_FAST_MATH = YES;
				SDKROOT = macosx;
				SWIFT_COMPILATION_MODE = wholemodule;
				SWIFT_OPTIMIZATION_LEVEL = "-O";
			};
			name = Release;
		};
		04447B6D2754F08100CD2900 /* Debug */ = {
			isa = XCBuildConfiguration;
			buildSettings = {
				ALWAYS_EMBED_SWIFT_STANDARD_LIBRARIES = YES;
				ASSETCATALOG_COMPILER_APPICON_NAME = AppIcon;
				ASSETCATALOG_COMPILER_GLOBAL_ACCENT_COLOR_NAME = AccentColor;
				CODE_SIGN_ENTITLEMENTS = OnlySwitch/OnlySwitch.entitlements;
				CODE_SIGN_IDENTITY = "Developer ID Application";
				CODE_SIGN_STYLE = Manual;
				COMBINE_HIDPI_IMAGES = YES;
				CURRENT_PROJECT_VERSION = 28;
				DEVELOPMENT_ASSET_PATHS = "\"OnlySwitch/Preview Content\"";
				DEVELOPMENT_TEAM = B22726TNGH;
				ENABLE_HARDENED_RUNTIME = YES;
				ENABLE_PREVIEWS = YES;
				FRAMEWORK_SEARCH_PATHS = (
					"$(inherited)",
					"$(PROJECT_DIR)",
					"$(PROJECT_DIR)/OnlySwitch",
					"$(SYSTEM_LIBRARY_DIR)/PrivateFrameworks",
				);
				GENERATE_INFOPLIST_FILE = YES;
				INFOPLIST_FILE = OnlySwitch/Info.plist;
				INFOPLIST_KEY_CFBundleDisplayName = "Only Switch";
				INFOPLIST_KEY_LSApplicationCategoryType = "public.app-category.utilities";
				INFOPLIST_KEY_NSAppleEventsUsageDescription = "Only Switch requests Apple Event usage to switch dark mode";
				INFOPLIST_KEY_NSBluetoothAlwaysUsageDescription = "Only Switch requests Bluetooth usage to switch Airpods connection";
				INFOPLIST_KEY_NSHumanReadableCopyright = "Copyright © 2021-2022 Jacklandrin";
				INFOPLIST_KEY_NSPrincipalClass = NSApplication;
				LD_RUNPATH_SEARCH_PATHS = (
					"$(inherited)",
					"@executable_path/../Frameworks",
				);
				MACOSX_DEPLOYMENT_TARGET = 12.0;
				MARKETING_VERSION = 1.8;
				OTHER_SWIFT_FLAGS = "-enforce-exclusivity=unchecked";
				PRODUCT_BUNDLE_IDENTIFIER = jacklandrin.OnlySwitch;
				PRODUCT_NAME = "$(TARGET_NAME)";
				PROVISIONING_PROFILE_SPECIFIER = jacklandrin.onlyswitch.profile;
				SKIP_INSTALL = NO;
				SWIFT_EMIT_LOC_STRINGS = YES;
				SWIFT_OBJC_BRIDGING_HEADER = "OnlySwitch/Header/OnlySwitch-Bridging-Header.h";
				SWIFT_VERSION = 5.0;
				SYSTEM_FRAMEWORK_SEARCH_PATHS = (
					"$(inherited)",
					"$(SYSTEM_LIBRARY_DIR)/PrivateFrameworks/CoreBrightness.framework/Versions/A",
				);
			};
			name = Debug;
		};
		04447B6E2754F08100CD2900 /* Release */ = {
			isa = XCBuildConfiguration;
			buildSettings = {
				ALWAYS_EMBED_SWIFT_STANDARD_LIBRARIES = YES;
				ASSETCATALOG_COMPILER_APPICON_NAME = AppIcon;
				ASSETCATALOG_COMPILER_GLOBAL_ACCENT_COLOR_NAME = AccentColor;
				CODE_SIGN_ENTITLEMENTS = OnlySwitch/OnlySwitch.entitlements;
				CODE_SIGN_IDENTITY = "Developer ID Application";
				CODE_SIGN_STYLE = Manual;
				COMBINE_HIDPI_IMAGES = YES;
				CURRENT_PROJECT_VERSION = 28;
				DEVELOPMENT_ASSET_PATHS = "\"OnlySwitch/Preview Content\"";
				DEVELOPMENT_TEAM = B22726TNGH;
				ENABLE_HARDENED_RUNTIME = YES;
				ENABLE_PREVIEWS = YES;
				FRAMEWORK_SEARCH_PATHS = (
					"$(inherited)",
					"$(PROJECT_DIR)",
					"$(PROJECT_DIR)/OnlySwitch",
					"$(SYSTEM_LIBRARY_DIR)/PrivateFrameworks",
				);
				GENERATE_INFOPLIST_FILE = YES;
				INFOPLIST_FILE = OnlySwitch/Info.plist;
				INFOPLIST_KEY_CFBundleDisplayName = "Only Switch";
				INFOPLIST_KEY_LSApplicationCategoryType = "public.app-category.utilities";
				INFOPLIST_KEY_NSAppleEventsUsageDescription = "Only Switch requests Apple Event usage to switch dark mode";
				INFOPLIST_KEY_NSBluetoothAlwaysUsageDescription = "Only Switch requests Bluetooth usage to switch Airpods connection";
				INFOPLIST_KEY_NSHumanReadableCopyright = "Copyright © 2021-2022 Jacklandrin";
				INFOPLIST_KEY_NSPrincipalClass = NSApplication;
				LD_RUNPATH_SEARCH_PATHS = (
					"$(inherited)",
					"@executable_path/../Frameworks",
				);
				MACOSX_DEPLOYMENT_TARGET = 12.0;
				MARKETING_VERSION = 1.8;
				OTHER_SWIFT_FLAGS = "-enforce-exclusivity=unchecked";
				PRODUCT_BUNDLE_IDENTIFIER = jacklandrin.OnlySwitch;
				PRODUCT_NAME = "$(TARGET_NAME)";
				PROVISIONING_PROFILE_SPECIFIER = jacklandrin.onlyswitch.profile;
				SKIP_INSTALL = NO;
				SWIFT_EMIT_LOC_STRINGS = YES;
				SWIFT_OBJC_BRIDGING_HEADER = "OnlySwitch/Header/OnlySwitch-Bridging-Header.h";
				SWIFT_VERSION = 5.0;
				SYSTEM_FRAMEWORK_SEARCH_PATHS = (
					"$(inherited)",
					"$(SYSTEM_LIBRARY_DIR)/PrivateFrameworks/CoreBrightness.framework/Versions/A",
				);
			};
			name = Release;
		};
		04E2AD01278267DE00BC5DF3 /* Debug */ = {
			isa = XCBuildConfiguration;
			buildSettings = {
				CODE_SIGN_ENTITLEMENTS = IntentsExtension/IntentsExtension.entitlements;
				CODE_SIGN_IDENTITY = "Developer ID Application";
				CODE_SIGN_STYLE = Manual;
				CURRENT_PROJECT_VERSION = 44;
				DEVELOPMENT_TEAM = B22726TNGH;
				ENABLE_HARDENED_RUNTIME = YES;
				GENERATE_INFOPLIST_FILE = YES;
				INFOPLIST_FILE = IntentsExtension/Info.plist;
				INFOPLIST_KEY_CFBundleDisplayName = IntentsExtension;
				INFOPLIST_KEY_NSHumanReadableCopyright = "";
				LD_RUNPATH_SEARCH_PATHS = (
					"$(inherited)",
					"@executable_path/../Frameworks",
					"@executable_path/../../../../Frameworks",
				);
				MACOSX_DEPLOYMENT_TARGET = 12.0;
				MARKETING_VERSION = 2.1.3;
				PRODUCT_BUNDLE_IDENTIFIER = jacklandrin.OnlySwitch.IntentsExtension;
				PRODUCT_NAME = "$(TARGET_NAME)";
				PROVISIONING_PROFILE_SPECIFIER = "";
				SKIP_INSTALL = YES;
				SWIFT_EMIT_LOC_STRINGS = YES;
				SWIFT_OBJC_BRIDGING_HEADER = "OnlySwitch/Header/OnlySwitch-Bridging-Header.h";
				SWIFT_VERSION = 5.0;
			};
			name = Debug;
		};
		04E2AD02278267DE00BC5DF3 /* Release */ = {
			isa = XCBuildConfiguration;
			buildSettings = {
				CODE_SIGN_ENTITLEMENTS = IntentsExtension/IntentsExtension.entitlements;
				CODE_SIGN_IDENTITY = "Developer ID Application";
				CODE_SIGN_STYLE = Manual;
				CURRENT_PROJECT_VERSION = 44;
				DEVELOPMENT_TEAM = B22726TNGH;
				ENABLE_HARDENED_RUNTIME = YES;
				GENERATE_INFOPLIST_FILE = YES;
				INFOPLIST_FILE = IntentsExtension/Info.plist;
				INFOPLIST_KEY_CFBundleDisplayName = IntentsExtension;
				INFOPLIST_KEY_NSHumanReadableCopyright = "";
				LD_RUNPATH_SEARCH_PATHS = (
					"$(inherited)",
					"@executable_path/../Frameworks",
					"@executable_path/../../../../Frameworks",
				);
				MACOSX_DEPLOYMENT_TARGET = 12.0;
				MARKETING_VERSION = 2.1.3;
				PRODUCT_BUNDLE_IDENTIFIER = jacklandrin.OnlySwitch.IntentsExtension;
				PRODUCT_NAME = "$(TARGET_NAME)";
				PROVISIONING_PROFILE_SPECIFIER = "";
				SKIP_INSTALL = YES;
				SWIFT_EMIT_LOC_STRINGS = YES;
				SWIFT_OBJC_BRIDGING_HEADER = "OnlySwitch/Header/OnlySwitch-Bridging-Header.h";
				SWIFT_VERSION = 5.0;
			};
			name = Release;
		};
/* End XCBuildConfiguration section */

/* Begin XCConfigurationList section */
		04447B532754F08000CD2900 /* Build configuration list for PBXProject "OnlySwitch" */ = {
			isa = XCConfigurationList;
			buildConfigurations = (
				04447B6A2754F08100CD2900 /* Debug */,
				04447B6B2754F08100CD2900 /* Release */,
			);
			defaultConfigurationIsVisible = 0;
			defaultConfigurationName = Release;
		};
		04447B6C2754F08100CD2900 /* Build configuration list for PBXNativeTarget "OnlySwitch" */ = {
			isa = XCConfigurationList;
			buildConfigurations = (
				04447B6D2754F08100CD2900 /* Debug */,
				04447B6E2754F08100CD2900 /* Release */,
			);
			defaultConfigurationIsVisible = 0;
			defaultConfigurationName = Release;
		};
		04E2AD03278267DE00BC5DF3 /* Build configuration list for PBXNativeTarget "IntentsExtension" */ = {
			isa = XCConfigurationList;
			buildConfigurations = (
				04E2AD01278267DE00BC5DF3 /* Debug */,
				04E2AD02278267DE00BC5DF3 /* Release */,
			);
			defaultConfigurationIsVisible = 0;
			defaultConfigurationName = Release;
		};
/* End XCConfigurationList section */

/* Begin XCRemoteSwiftPackageReference section */
		0430887C275D707C00877E51 /* XCRemoteSwiftPackageReference "LaunchAtLogin" */ = {
			isa = XCRemoteSwiftPackageReference;
			repositoryURL = "https://github.com/sindresorhus/LaunchAtLogin";
			requirement = {
				kind = upToNextMajorVersion;
				minimumVersion = 4.0.0;
			};
		};
		04581DB4276506B9008ADF30 /* XCRemoteSwiftPackageReference "AlertToast" */ = {
			isa = XCRemoteSwiftPackageReference;
			repositoryURL = "https://github.com/elai950/AlertToast.git";
			requirement = {
				kind = upToNextMajorVersion;
				minimumVersion = 1.0.0;
			};
		};
		04A6B54927715F90003B2647 /* XCRemoteSwiftPackageReference "Alamofire" */ = {
			isa = XCRemoteSwiftPackageReference;
			repositoryURL = "https://github.com/Alamofire/Alamofire.git";
			requirement = {
				kind = exactVersion;
				version = 5.5.0;
			};
		};
		04BF976927908D5400E7C0E2 /* XCRemoteSwiftPackageReference "KeyboardShortcuts" */ = {
			isa = XCRemoteSwiftPackageReference;
			repositoryURL = "https://github.com/sindresorhus/KeyboardShortcuts";
			requirement = {
				branch = main;
				kind = branch;
			};
		};
/* End XCRemoteSwiftPackageReference section */

/* Begin XCSwiftPackageProductDependency section */
		0430887D275D707C00877E51 /* LaunchAtLogin */ = {
			isa = XCSwiftPackageProductDependency;
			package = 0430887C275D707C00877E51 /* XCRemoteSwiftPackageReference "LaunchAtLogin" */;
			productName = LaunchAtLogin;
		};
		04581DB5276506B9008ADF30 /* AlertToast */ = {
			isa = XCSwiftPackageProductDependency;
			package = 04581DB4276506B9008ADF30 /* XCRemoteSwiftPackageReference "AlertToast" */;
			productName = AlertToast;
		};
		04A6B54A27715F90003B2647 /* Alamofire */ = {
			isa = XCSwiftPackageProductDependency;
			package = 04A6B54927715F90003B2647 /* XCRemoteSwiftPackageReference "Alamofire" */;
			productName = Alamofire;
		};
		04BF976A27908D5400E7C0E2 /* KeyboardShortcuts */ = {
			isa = XCSwiftPackageProductDependency;
			package = 04BF976927908D5400E7C0E2 /* XCRemoteSwiftPackageReference "KeyboardShortcuts" */;
			productName = KeyboardShortcuts;
		};
/* End XCSwiftPackageProductDependency section */

/* Begin XCVersionGroup section */
		0493379A2763C09000AE779A /* OnlySwitch.xcdatamodeld */ = {
			isa = XCVersionGroup;
			children = (
				0493379B2763C09000AE779A /* OnlySwitch.xcdatamodel */,
			);
			currentVersion = 0493379B2763C09000AE779A /* OnlySwitch.xcdatamodel */;
			path = OnlySwitch.xcdatamodeld;
			sourceTree = "<group>";
			versionGroupType = wrapper.xcdatamodel;
		};
/* End XCVersionGroup section */
	};
	rootObject = 04447B502754F08000CD2900 /* Project object */;
}
