// !$*UTF8*$!
{
	archiveVersion = 1;
	classes = {
	};
	objectVersion = 55;
	objects = {

/* Begin PBXBuildFile section */
		040CD2BC2756D497002E0CC6 /* CGImage++.swift in Sources */ = {isa = PBXBuildFile; fileRef = 040CD2BB2756D497002E0CC6 /* CGImage++.swift */; };
		040E97272760FF3E003D9D42 /* MetadataExtractorError.swift in Sources */ = {isa = PBXBuildFile; fileRef = 040E97262760FF3E003D9D42 /* MetadataExtractorError.swift */; };
		040E972B27611C9C003D9D42 /* URL++.swift in Sources */ = {isa = PBXBuildFile; fileRef = 040E972A27611C9C003D9D42 /* URL++.swift */; };
		040E972D27611DEA003D9D42 /* XcodeCacheSwitch.swift in Sources */ = {isa = PBXBuildFile; fileRef = 040E972C27611DEA003D9D42 /* XcodeCacheSwitch.swift */; };
		04243487275641DB0044D0AD /* SwitchProvider.swift in Sources */ = {isa = PBXBuildFile; fileRef = 04243486275641DB0044D0AD /* SwitchProvider.swift */; };
		04243489275642370044D0AD /* HiddenDesktopSwitch.swift in Sources */ = {isa = PBXBuildFile; fileRef = 04243488275642370044D0AD /* HiddenDesktopSwitch.swift */; };
		0424348B275642D20044D0AD /* DarkModeSwitch.swift in Sources */ = {isa = PBXBuildFile; fileRef = 0424348A275642D20044D0AD /* DarkModeSwitch.swift */; };
		0424348D275643560044D0AD /* TopNotchSwitch.swift in Sources */ = {isa = PBXBuildFile; fileRef = 0424348C275643560044D0AD /* TopNotchSwitch.swift */; };
		0424348F27565F9F0044D0AD /* NSAppleEventDescriptor.swift in Sources */ = {isa = PBXBuildFile; fileRef = 0424348E27565F9F0044D0AD /* NSAppleEventDescriptor.swift */; };
		0427B25B275D786400AD783A /* SystemInfo.swift in Sources */ = {isa = PBXBuildFile; fileRef = 0427B25A275D786400AD783A /* SystemInfo.swift */; };
		0430887E275D707C00877E51 /* LaunchAtLogin in Frameworks */ = {isa = PBXBuildFile; productRef = 0430887D275D707C00877E51 /* LaunchAtLogin */; };
		043E5D662757C84900ADC004 /* HiddenModifier.swift in Sources */ = {isa = PBXBuildFile; fileRef = 043E5D652757C84900ADC004 /* HiddenModifier.swift */; };
		043E5D6A2757D68800ADC004 /* MuteSwitch.swift in Sources */ = {isa = PBXBuildFile; fileRef = 043E5D692757D68800ADC004 /* MuteSwitch.swift */; };
		043E5D6D2757DADB00ADC004 /* AVFoundation.framework in Frameworks */ = {isa = PBXBuildFile; fileRef = 043E5D6C2757DADB00ADC004 /* AVFoundation.framework */; };
		043E5D6F2758116800ADC004 /* NSSound_SystemVolumeExtension.swift in Sources */ = {isa = PBXBuildFile; fileRef = 043E5D6E2758116800ADC004 /* NSSound_SystemVolumeExtension.swift */; };
		043E5D712758176B00ADC004 /* SwitchToggle.swift in Sources */ = {isa = PBXBuildFile; fileRef = 043E5D702758176B00ADC004 /* SwitchToggle.swift */; };
		043E5D7327581C2E00ADC004 /* SwitchBarView.swift in Sources */ = {isa = PBXBuildFile; fileRef = 043E5D7227581C2E00ADC004 /* SwitchBarView.swift */; };
		043E5D752758208D00ADC004 /* SwitchBarVM.swift in Sources */ = {isa = PBXBuildFile; fileRef = 043E5D742758208D00ADC004 /* SwitchBarVM.swift */; };
		043E5D7A2758212A00ADC004 /* SwitchType.swift in Sources */ = {isa = PBXBuildFile; fileRef = 043E5D792758212A00ADC004 /* SwitchType.swift */; };
		0443A6B627599AAC00A3BCFD /* README.md in Resources */ = {isa = PBXBuildFile; fileRef = 0443A6B527599AAC00A3BCFD /* README.md */; };
		0443A6B82759A99700A3BCFD /* ScreenSaverSwitch.swift in Sources */ = {isa = PBXBuildFile; fileRef = 0443A6B72759A99700A3BCFD /* ScreenSaverSwitch.swift */; };
		04447B5C2754F08000CD2900 /* AppDelegate.swift in Sources */ = {isa = PBXBuildFile; fileRef = 04447B5B2754F08000CD2900 /* AppDelegate.swift */; };
		04447B5E2754F08000CD2900 /* ContentView.swift in Sources */ = {isa = PBXBuildFile; fileRef = 04447B5D2754F08000CD2900 /* ContentView.swift */; };
		04447B602754F08100CD2900 /* Assets.xcassets in Resources */ = {isa = PBXBuildFile; fileRef = 04447B5F2754F08100CD2900 /* Assets.xcassets */; };
		04447B632754F08100CD2900 /* Preview Assets.xcassets in Resources */ = {isa = PBXBuildFile; fileRef = 04447B622754F08100CD2900 /* Preview Assets.xcassets */; };
		04447B702754F21A00CD2900 /* StatusBarController.swift in Sources */ = {isa = PBXBuildFile; fileRef = 04447B6F2754F21A00CD2900 /* StatusBarController.swift */; };
		04447B722754FE3800CD2900 /* SwitchVM.swift in Sources */ = {isa = PBXBuildFile; fileRef = 04447B712754FE3800CD2900 /* SwitchVM.swift */; };
		04447B742755015A00CD2900 /* ShellCommandDefine.swift in Sources */ = {isa = PBXBuildFile; fileRef = 04447B732755015A00CD2900 /* ShellCommandDefine.swift */; };
		04447B7627550F6900CD2900 /* VisualEffectView.swift in Sources */ = {isa = PBXBuildFile; fileRef = 04447B7527550F6900CD2900 /* VisualEffectView.swift */; };
		04447B782755129D00CD2900 /* EventMonitor.swift in Sources */ = {isa = PBXBuildFile; fileRef = 04447B772755129D00CD2900 /* EventMonitor.swift */; };
		0457C25D2760046A00B25BFA /* BluetoothSwitch.swift in Sources */ = {isa = PBXBuildFile; fileRef = 0457C25C2760046A00B25BFA /* BluetoothSwitch.swift */; };
		049337212761286400AE779A /* CleanProgressView.swift in Sources */ = {isa = PBXBuildFile; fileRef = 049337202761286400AE779A /* CleanProgressView.swift */; };
		0493372327615A4900AE779A /* AutohideMenuBarSwitch.swift in Sources */ = {isa = PBXBuildFile; fileRef = 0493372227615A4900AE779A /* AutohideMenuBarSwitch.swift */; };
		0493372527615EA400AE779A /* HiddenFilesSwitch.swift in Sources */ = {isa = PBXBuildFile; fileRef = 0493372427615EA400AE779A /* HiddenFilesSwitch.swift */; };
		04A23B23275D5FC500B454C8 /* CoreBrightness.framework in Frameworks */ = {isa = PBXBuildFile; fileRef = 04A23B22275D5FC500B454C8 /* CoreBrightness.framework */; };
		04A23B2B275D61BC00B454C8 /* NightShiftSwitch.swift in Sources */ = {isa = PBXBuildFile; fileRef = 04A23B2A275D61BC00B454C8 /* NightShiftSwitch.swift */; };
		04A2FFF72755A3E500CE56A0 /* NSImage++.swift in Sources */ = {isa = PBXBuildFile; fileRef = 04A2FFF62755A3E500CE56A0 /* NSImage++.swift */; };
		04A2FFFA275636FA00CE56A0 /* String++.swift in Sources */ = {isa = PBXBuildFile; fileRef = 04A2FFF9275636FA00CE56A0 /* String++.swift */; };
		04E03AF8275E6B4E00EA5FB9 /* AutohideDockSwitch.swift in Sources */ = {isa = PBXBuildFile; fileRef = 04E03AF7275E6B4E00EA5FB9 /* AutohideDockSwitch.swift */; };
		04E03AFE275EA4EF00EA5FB9 /* BluetoothDevicesManager.swift in Sources */ = {isa = PBXBuildFile; fileRef = 04E03AFD275EA4EF00EA5FB9 /* BluetoothDevicesManager.swift */; };
		04E03B00275F93B900EA5FB9 /* AirPodsSwitch.swift in Sources */ = {isa = PBXBuildFile; fileRef = 04E03AFF275F93B900EA5FB9 /* AirPodsSwitch.swift */; };
		04E03B04275FD98500EA5FB9 /* battery-airpods-monterey.sh in Resources */ = {isa = PBXBuildFile; fileRef = 04E03B03275FD98500EA5FB9 /* battery-airpods-monterey.sh */; };
		04E03B06275FEBE200EA5FB9 /* AirPodsBatteryView.swift in Sources */ = {isa = PBXBuildFile; fileRef = 04E03B05275FEBE200EA5FB9 /* AirPodsBatteryView.swift */; };
/* End PBXBuildFile section */

/* Begin PBXFileReference section */
		040CD2BB2756D497002E0CC6 /* CGImage++.swift */ = {isa = PBXFileReference; lastKnownFileType = sourcecode.swift; path = "CGImage++.swift"; sourceTree = "<group>"; };
		040CD2BD27579CEA002E0CC6 /* Info.plist */ = {isa = PBXFileReference; lastKnownFileType = text.plist; path = Info.plist; sourceTree = "<group>"; };
		040E97262760FF3E003D9D42 /* MetadataExtractorError.swift */ = {isa = PBXFileReference; fileEncoding = 4; lastKnownFileType = sourcecode.swift; path = MetadataExtractorError.swift; sourceTree = "<group>"; };
		040E972A27611C9C003D9D42 /* URL++.swift */ = {isa = PBXFileReference; lastKnownFileType = sourcecode.swift; path = "URL++.swift"; sourceTree = "<group>"; };
		040E972C27611DEA003D9D42 /* XcodeCacheSwitch.swift */ = {isa = PBXFileReference; lastKnownFileType = sourcecode.swift; path = XcodeCacheSwitch.swift; sourceTree = "<group>"; };
		04243486275641DB0044D0AD /* SwitchProvider.swift */ = {isa = PBXFileReference; lastKnownFileType = sourcecode.swift; path = SwitchProvider.swift; sourceTree = "<group>"; };
		04243488275642370044D0AD /* HiddenDesktopSwitch.swift */ = {isa = PBXFileReference; lastKnownFileType = sourcecode.swift; path = HiddenDesktopSwitch.swift; sourceTree = "<group>"; };
		0424348A275642D20044D0AD /* DarkModeSwitch.swift */ = {isa = PBXFileReference; lastKnownFileType = sourcecode.swift; path = DarkModeSwitch.swift; sourceTree = "<group>"; };
		0424348C275643560044D0AD /* TopNotchSwitch.swift */ = {isa = PBXFileReference; lastKnownFileType = sourcecode.swift; path = TopNotchSwitch.swift; sourceTree = "<group>"; };
		0424348E27565F9F0044D0AD /* NSAppleEventDescriptor.swift */ = {isa = PBXFileReference; lastKnownFileType = sourcecode.swift; path = NSAppleEventDescriptor.swift; sourceTree = "<group>"; };
		0427B25A275D786400AD783A /* SystemInfo.swift */ = {isa = PBXFileReference; lastKnownFileType = sourcecode.swift; path = SystemInfo.swift; sourceTree = "<group>"; };
		043E5D652757C84900ADC004 /* HiddenModifier.swift */ = {isa = PBXFileReference; fileEncoding = 4; lastKnownFileType = sourcecode.swift; path = HiddenModifier.swift; sourceTree = "<group>"; };
		043E5D692757D68800ADC004 /* MuteSwitch.swift */ = {isa = PBXFileReference; lastKnownFileType = sourcecode.swift; path = MuteSwitch.swift; sourceTree = "<group>"; };
		043E5D6C2757DADB00ADC004 /* AVFoundation.framework */ = {isa = PBXFileReference; lastKnownFileType = wrapper.framework; name = AVFoundation.framework; path = System/Library/Frameworks/AVFoundation.framework; sourceTree = SDKROOT; };
		043E5D6E2758116800ADC004 /* NSSound_SystemVolumeExtension.swift */ = {isa = PBXFileReference; fileEncoding = 4; lastKnownFileType = sourcecode.swift; path = NSSound_SystemVolumeExtension.swift; sourceTree = "<group>"; };
		043E5D702758176B00ADC004 /* SwitchToggle.swift */ = {isa = PBXFileReference; lastKnownFileType = sourcecode.swift; path = SwitchToggle.swift; sourceTree = "<group>"; };
		043E5D7227581C2E00ADC004 /* SwitchBarView.swift */ = {isa = PBXFileReference; lastKnownFileType = sourcecode.swift; path = SwitchBarView.swift; sourceTree = "<group>"; };
		043E5D742758208D00ADC004 /* SwitchBarVM.swift */ = {isa = PBXFileReference; lastKnownFileType = sourcecode.swift; path = SwitchBarVM.swift; sourceTree = "<group>"; };
		043E5D792758212A00ADC004 /* SwitchType.swift */ = {isa = PBXFileReference; lastKnownFileType = sourcecode.swift; path = SwitchType.swift; sourceTree = "<group>"; };
		0443A6B527599AAC00A3BCFD /* README.md */ = {isa = PBXFileReference; fileEncoding = 4; lastKnownFileType = net.daringfireball.markdown; path = README.md; sourceTree = "<group>"; };
		0443A6B72759A99700A3BCFD /* ScreenSaverSwitch.swift */ = {isa = PBXFileReference; lastKnownFileType = sourcecode.swift; path = ScreenSaverSwitch.swift; sourceTree = "<group>"; };
		04447B582754F08000CD2900 /* OnlySwitch.app */ = {isa = PBXFileReference; explicitFileType = wrapper.application; includeInIndex = 0; path = OnlySwitch.app; sourceTree = BUILT_PRODUCTS_DIR; };
		04447B5B2754F08000CD2900 /* AppDelegate.swift */ = {isa = PBXFileReference; lastKnownFileType = sourcecode.swift; path = AppDelegate.swift; sourceTree = "<group>"; };
		04447B5D2754F08000CD2900 /* ContentView.swift */ = {isa = PBXFileReference; lastKnownFileType = sourcecode.swift; path = ContentView.swift; sourceTree = "<group>"; };
		04447B5F2754F08100CD2900 /* Assets.xcassets */ = {isa = PBXFileReference; lastKnownFileType = folder.assetcatalog; path = Assets.xcassets; sourceTree = "<group>"; };
		04447B622754F08100CD2900 /* Preview Assets.xcassets */ = {isa = PBXFileReference; lastKnownFileType = folder.assetcatalog; path = "Preview Assets.xcassets"; sourceTree = "<group>"; };
		04447B692754F08100CD2900 /* OnlySwitch.entitlements */ = {isa = PBXFileReference; lastKnownFileType = text.plist.entitlements; path = OnlySwitch.entitlements; sourceTree = "<group>"; };
		04447B6F2754F21A00CD2900 /* StatusBarController.swift */ = {isa = PBXFileReference; lastKnownFileType = sourcecode.swift; path = StatusBarController.swift; sourceTree = "<group>"; };
		04447B712754FE3800CD2900 /* SwitchVM.swift */ = {isa = PBXFileReference; lastKnownFileType = sourcecode.swift; path = SwitchVM.swift; sourceTree = "<group>"; };
		04447B732755015A00CD2900 /* ShellCommandDefine.swift */ = {isa = PBXFileReference; lastKnownFileType = sourcecode.swift; path = ShellCommandDefine.swift; sourceTree = "<group>"; };
		04447B7527550F6900CD2900 /* VisualEffectView.swift */ = {isa = PBXFileReference; lastKnownFileType = sourcecode.swift; path = VisualEffectView.swift; sourceTree = "<group>"; };
		04447B772755129D00CD2900 /* EventMonitor.swift */ = {isa = PBXFileReference; lastKnownFileType = sourcecode.swift; path = EventMonitor.swift; sourceTree = "<group>"; };
		0457C25C2760046A00B25BFA /* BluetoothSwitch.swift */ = {isa = PBXFileReference; lastKnownFileType = sourcecode.swift; path = BluetoothSwitch.swift; sourceTree = "<group>"; };
		049337202761286400AE779A /* CleanProgressView.swift */ = {isa = PBXFileReference; lastKnownFileType = sourcecode.swift; path = CleanProgressView.swift; sourceTree = "<group>"; };
		0493372227615A4900AE779A /* AutohideMenuBarSwitch.swift */ = {isa = PBXFileReference; lastKnownFileType = sourcecode.swift; path = AutohideMenuBarSwitch.swift; sourceTree = "<group>"; };
		0493372427615EA400AE779A /* HiddenFilesSwitch.swift */ = {isa = PBXFileReference; lastKnownFileType = sourcecode.swift; path = HiddenFilesSwitch.swift; sourceTree = "<group>"; };
		04A23B22275D5FC500B454C8 /* CoreBrightness.framework */ = {isa = PBXFileReference; lastKnownFileType = wrapper.framework; name = CoreBrightness.framework; path = ../../../../System/Library/PrivateFrameworks/CoreBrightness.framework; sourceTree = "<group>"; };
		04A23B2A275D61BC00B454C8 /* NightShiftSwitch.swift */ = {isa = PBXFileReference; lastKnownFileType = sourcecode.swift; path = NightShiftSwitch.swift; sourceTree = "<group>"; };
		04A23B2C275D641900B454C8 /* OnlySwitch-Bridging-Header.h */ = {isa = PBXFileReference; lastKnownFileType = sourcecode.c.h; path = "OnlySwitch-Bridging-Header.h"; sourceTree = "<group>"; };
		04A23B2D275D69F700B454C8 /* CBBlueLightClient.h */ = {isa = PBXFileReference; lastKnownFileType = sourcecode.c.h; path = CBBlueLightClient.h; sourceTree = "<group>"; };
		04A2FFF62755A3E500CE56A0 /* NSImage++.swift */ = {isa = PBXFileReference; lastKnownFileType = sourcecode.swift; path = "NSImage++.swift"; sourceTree = "<group>"; };
		04A2FFF9275636FA00CE56A0 /* String++.swift */ = {isa = PBXFileReference; lastKnownFileType = sourcecode.swift; path = "String++.swift"; sourceTree = "<group>"; };
		04E03AF7275E6B4E00EA5FB9 /* AutohideDockSwitch.swift */ = {isa = PBXFileReference; lastKnownFileType = sourcecode.swift; path = AutohideDockSwitch.swift; sourceTree = "<group>"; };
		04E03AFD275EA4EF00EA5FB9 /* BluetoothDevicesManager.swift */ = {isa = PBXFileReference; lastKnownFileType = sourcecode.swift; path = BluetoothDevicesManager.swift; sourceTree = "<group>"; };
		04E03AFF275F93B900EA5FB9 /* AirPodsSwitch.swift */ = {isa = PBXFileReference; lastKnownFileType = sourcecode.swift; path = AirPodsSwitch.swift; sourceTree = "<group>"; };
		04E03B03275FD98500EA5FB9 /* battery-airpods-monterey.sh */ = {isa = PBXFileReference; fileEncoding = 4; lastKnownFileType = text.script.sh; path = "battery-airpods-monterey.sh"; sourceTree = "<group>"; };
		04E03B05275FEBE200EA5FB9 /* AirPodsBatteryView.swift */ = {isa = PBXFileReference; lastKnownFileType = sourcecode.swift; path = AirPodsBatteryView.swift; sourceTree = "<group>"; };
/* End PBXFileReference section */

/* Begin PBXFrameworksBuildPhase section */
		04447B552754F08000CD2900 /* Frameworks */ = {
			isa = PBXFrameworksBuildPhase;
			buildActionMask = 2147483647;
			files = (
				0430887E275D707C00877E51 /* LaunchAtLogin in Frameworks */,
				04A23B23275D5FC500B454C8 /* CoreBrightness.framework in Frameworks */,
				043E5D6D2757DADB00ADC004 /* AVFoundation.framework in Frameworks */,
			);
			runOnlyForDeploymentPostprocessing = 0;
		};
/* End PBXFrameworksBuildPhase section */

/* Begin PBXGroup section */
		04243485275641890044D0AD /* EverySwitch */ = {
			isa = PBXGroup;
			children = (
				04243486275641DB0044D0AD /* SwitchProvider.swift */,
				04243488275642370044D0AD /* HiddenDesktopSwitch.swift */,
				0424348A275642D20044D0AD /* DarkModeSwitch.swift */,
				0424348C275643560044D0AD /* TopNotchSwitch.swift */,
				043E5D692757D68800ADC004 /* MuteSwitch.swift */,
				0443A6B72759A99700A3BCFD /* ScreenSaverSwitch.swift */,
				04A23B2A275D61BC00B454C8 /* NightShiftSwitch.swift */,
				04E03AF7275E6B4E00EA5FB9 /* AutohideDockSwitch.swift */,
				04E03AFF275F93B900EA5FB9 /* AirPodsSwitch.swift */,
				0457C25C2760046A00B25BFA /* BluetoothSwitch.swift */,
				040E972C27611DEA003D9D42 /* XcodeCacheSwitch.swift */,
				0493372227615A4900AE779A /* AutohideMenuBarSwitch.swift */,
				0493372427615EA400AE779A /* HiddenFilesSwitch.swift */,
			);
			path = EverySwitch;
			sourceTree = "<group>";
		};
		043E5D672757C85500ADC004 /* View */ = {
			isa = PBXGroup;
			children = (
				04447B5D2754F08000CD2900 /* ContentView.swift */,
				043E5D702758176B00ADC004 /* SwitchToggle.swift */,
				043E5D7227581C2E00ADC004 /* SwitchBarView.swift */,
				04447B7527550F6900CD2900 /* VisualEffectView.swift */,
				04E03B05275FEBE200EA5FB9 /* AirPodsBatteryView.swift */,
				049337202761286400AE779A /* CleanProgressView.swift */,
			);
			path = View;
			sourceTree = "<group>";
		};
		043E5D682757C86400ADC004 /* ViewModel */ = {
			isa = PBXGroup;
			children = (
				04447B712754FE3800CD2900 /* SwitchVM.swift */,
				043E5D742758208D00ADC004 /* SwitchBarVM.swift */,
			);
			path = ViewModel;
			sourceTree = "<group>";
		};
		043E5D6B2757DADB00ADC004 /* Frameworks */ = {
			isa = PBXGroup;
			children = (
				04A23B22275D5FC500B454C8 /* CoreBrightness.framework */,
				043E5D6C2757DADB00ADC004 /* AVFoundation.framework */,
			);
			name = Frameworks;
			sourceTree = "<group>";
		};
		043E5D76275820B300ADC004 /* Modifier */ = {
			isa = PBXGroup;
			children = (
				043E5D652757C84900ADC004 /* HiddenModifier.swift */,
			);
			path = Modifier;
			sourceTree = "<group>";
		};
		043E5D77275820DD00ADC004 /* Define */ = {
			isa = PBXGroup;
			children = (
				043E5D792758212A00ADC004 /* SwitchType.swift */,
				04447B732755015A00CD2900 /* ShellCommandDefine.swift */,
			);
			path = Define;
			sourceTree = "<group>";
		};
		043E5D782758210000ADC004 /* StatusBar */ = {
			isa = PBXGroup;
			children = (
				04447B6F2754F21A00CD2900 /* StatusBarController.swift */,
				04447B772755129D00CD2900 /* EventMonitor.swift */,
			);
			path = StatusBar;
			sourceTree = "<group>";
		};
		04447B4F2754F08000CD2900 = {
			isa = PBXGroup;
			children = (
				0443A6B527599AAC00A3BCFD /* README.md */,
				04447B5A2754F08000CD2900 /* OnlySwitch */,
				04447B592754F08000CD2900 /* Products */,
				043E5D6B2757DADB00ADC004 /* Frameworks */,
			);
			sourceTree = "<group>";
		};
		04447B592754F08000CD2900 /* Products */ = {
			isa = PBXGroup;
			children = (
				04447B582754F08000CD2900 /* OnlySwitch.app */,
			);
			name = Products;
			sourceTree = "<group>";
		};
		04447B5A2754F08000CD2900 /* OnlySwitch */ = {
			isa = PBXGroup;
			children = (
				04A23B27275D607200B454C8 /* Header */,
				040CD2BD27579CEA002E0CC6 /* Info.plist */,
				04447B5B2754F08000CD2900 /* AppDelegate.swift */,
				04243485275641890044D0AD /* EverySwitch */,
				043E5D682757C86400ADC004 /* ViewModel */,
				043E5D672757C85500ADC004 /* View */,
				043E5D782758210000ADC004 /* StatusBar */,
				043E5D77275820DD00ADC004 /* Define */,
				043E5D76275820B300ADC004 /* Modifier */,
				04A2FFF8275636DD00CE56A0 /* Extension */,
				04E03B01275FD91200EA5FB9 /* Utilities */,
				04E03B02275FD92D00EA5FB9 /* Resource */,
				04447B5F2754F08100CD2900 /* Assets.xcassets */,
				04447B692754F08100CD2900 /* OnlySwitch.entitlements */,
				04447B612754F08100CD2900 /* Preview Content */,
			);
			path = OnlySwitch;
			sourceTree = "<group>";
		};
		04447B612754F08100CD2900 /* Preview Content */ = {
			isa = PBXGroup;
			children = (
				04447B622754F08100CD2900 /* Preview Assets.xcassets */,
			);
			path = "Preview Content";
			sourceTree = "<group>";
		};
		04A23B27275D607200B454C8 /* Header */ = {
			isa = PBXGroup;
			children = (
				04A23B2C275D641900B454C8 /* OnlySwitch-Bridging-Header.h */,
				04A23B2D275D69F700B454C8 /* CBBlueLightClient.h */,
			);
			path = Header;
			sourceTree = "<group>";
		};
		04A2FFF8275636DD00CE56A0 /* Extension */ = {
			isa = PBXGroup;
			children = (
				043E5D6E2758116800ADC004 /* NSSound_SystemVolumeExtension.swift */,
				04A2FFF62755A3E500CE56A0 /* NSImage++.swift */,
				04A2FFF9275636FA00CE56A0 /* String++.swift */,
				0424348E27565F9F0044D0AD /* NSAppleEventDescriptor.swift */,
				040CD2BB2756D497002E0CC6 /* CGImage++.swift */,
				040E972A27611C9C003D9D42 /* URL++.swift */,
			);
			path = Extension;
			sourceTree = "<group>";
		};
		04E03B01275FD91200EA5FB9 /* Utilities */ = {
			isa = PBXGroup;
			children = (
				040E97262760FF3E003D9D42 /* MetadataExtractorError.swift */,
				04E03AFD275EA4EF00EA5FB9 /* BluetoothDevicesManager.swift */,
				0427B25A275D786400AD783A /* SystemInfo.swift */,
			);
			path = Utilities;
			sourceTree = "<group>";
		};
		04E03B02275FD92D00EA5FB9 /* Resource */ = {
			isa = PBXGroup;
			children = (
				04E03B03275FD98500EA5FB9 /* battery-airpods-monterey.sh */,
			);
			path = Resource;
			sourceTree = "<group>";
		};
/* End PBXGroup section */

/* Begin PBXNativeTarget section */
		04447B572754F08000CD2900 /* OnlySwitch */ = {
			isa = PBXNativeTarget;
			buildConfigurationList = 04447B6C2754F08100CD2900 /* Build configuration list for PBXNativeTarget "OnlySwitch" */;
			buildPhases = (
				04447B542754F08000CD2900 /* Sources */,
				04447B552754F08000CD2900 /* Frameworks */,
				04447B562754F08000CD2900 /* Resources */,
				0430887F275D709C00877E51 /* Launch at Login Helper */,
				0427B25C275D791100AD783A /* ShellScript */,
			);
			buildRules = (
			);
			dependencies = (
			);
			name = OnlySwitch;
			packageProductDependencies = (
				0430887D275D707C00877E51 /* LaunchAtLogin */,
			);
			productName = OnlySwitch;
			productReference = 04447B582754F08000CD2900 /* OnlySwitch.app */;
			productType = "com.apple.product-type.application";
		};
/* End PBXNativeTarget section */

/* Begin PBXProject section */
		04447B502754F08000CD2900 /* Project object */ = {
			isa = PBXProject;
			attributes = {
				BuildIndependentTargetsInParallel = 1;
				LastSwiftUpdateCheck = 1310;
				LastUpgradeCheck = 1310;
				TargetAttributes = {
					04447B572754F08000CD2900 = {
						CreatedOnToolsVersion = 13.1;
					};
				};
			};
			buildConfigurationList = 04447B532754F08000CD2900 /* Build configuration list for PBXProject "OnlySwitch" */;
			compatibilityVersion = "Xcode 13.0";
			developmentRegion = en;
			hasScannedForEncodings = 0;
			knownRegions = (
				en,
				Base,
			);
			mainGroup = 04447B4F2754F08000CD2900;
			packageReferences = (
				0430887C275D707C00877E51 /* XCRemoteSwiftPackageReference "LaunchAtLogin" */,
			);
			productRefGroup = 04447B592754F08000CD2900 /* Products */;
			projectDirPath = "";
			projectRoot = "";
			targets = (
				04447B572754F08000CD2900 /* OnlySwitch */,
			);
		};
/* End PBXProject section */

/* Begin PBXResourcesBuildPhase section */
		04447B562754F08000CD2900 /* Resources */ = {
			isa = PBXResourcesBuildPhase;
			buildActionMask = 2147483647;
			files = (
				0443A6B627599AAC00A3BCFD /* README.md in Resources */,
				04447B632754F08100CD2900 /* Preview Assets.xcassets in Resources */,
				04E03B04275FD98500EA5FB9 /* battery-airpods-monterey.sh in Resources */,
				04447B602754F08100CD2900 /* Assets.xcassets in Resources */,
			);
			runOnlyForDeploymentPostprocessing = 0;
		};
/* End PBXResourcesBuildPhase section */

/* Begin PBXShellScriptBuildPhase section */
		0427B25C275D791100AD783A /* ShellScript */ = {
			isa = PBXShellScriptBuildPhase;
			buildActionMask = 8;
			files = (
			);
			inputFileListPaths = (
			);
			inputPaths = (
			);
			outputFileListPaths = (
			);
			outputPaths = (
			);
			runOnlyForDeploymentPostprocessing = 1;
			shellPath = /bin/sh;
			shellScript = "# Type a script or drag a script file from your workspace to insert its path.\nbuildNumber=$(/usr/libexec/PlistBuddy -c \"Print CFBundleVersion\" \"${INFOPLIST_FILE}\")\nbuildNumber=$(($buildNumber + 1))\n/usr/libexec/PlistBuddy -c \"Set :CFBundleVersion $buildNumber\" \"${INFOPLIST_FILE}\"\n";
		};
		0430887F275D709C00877E51 /* Launch at Login Helper */ = {
			isa = PBXShellScriptBuildPhase;
			buildActionMask = 2147483647;
			files = (
			);
			inputFileListPaths = (
			);
			inputPaths = (
			);
			name = "Launch at Login Helper";
			outputFileListPaths = (
			);
			outputPaths = (
			);
			runOnlyForDeploymentPostprocessing = 0;
			shellPath = /bin/sh;
			shellScript = "# Type a script or drag a script file from your workspace to insert its path.\n\"${BUILT_PRODUCTS_DIR}/LaunchAtLogin_LaunchAtLogin.bundle/Contents/Resources/copy-helper-swiftpm.sh\"\n";
		};
/* End PBXShellScriptBuildPhase section */

/* Begin PBXSourcesBuildPhase section */
		04447B542754F08000CD2900 /* Sources */ = {
			isa = PBXSourcesBuildPhase;
			buildActionMask = 2147483647;
			files = (
				040CD2BC2756D497002E0CC6 /* CGImage++.swift in Sources */,
				0424348B275642D20044D0AD /* DarkModeSwitch.swift in Sources */,
				04447B5E2754F08000CD2900 /* ContentView.swift in Sources */,
				04E03AFE275EA4EF00EA5FB9 /* BluetoothDevicesManager.swift in Sources */,
				04447B722754FE3800CD2900 /* SwitchVM.swift in Sources */,
				04447B742755015A00CD2900 /* ShellCommandDefine.swift in Sources */,
				0457C25D2760046A00B25BFA /* BluetoothSwitch.swift in Sources */,
				04A2FFFA275636FA00CE56A0 /* String++.swift in Sources */,
				043E5D752758208D00ADC004 /* SwitchBarVM.swift in Sources */,
				043E5D7327581C2E00ADC004 /* SwitchBarView.swift in Sources */,
				0427B25B275D786400AD783A /* SystemInfo.swift in Sources */,
				043E5D6A2757D68800ADC004 /* MuteSwitch.swift in Sources */,
				04243489275642370044D0AD /* HiddenDesktopSwitch.swift in Sources */,
				04A23B2B275D61BC00B454C8 /* NightShiftSwitch.swift in Sources */,
				0424348D275643560044D0AD /* TopNotchSwitch.swift in Sources */,
				040E972B27611C9C003D9D42 /* URL++.swift in Sources */,
				04447B5C2754F08000CD2900 /* AppDelegate.swift in Sources */,
				049337212761286400AE779A /* CleanProgressView.swift in Sources */,
				04447B7627550F6900CD2900 /* VisualEffectView.swift in Sources */,
				04A2FFF72755A3E500CE56A0 /* NSImage++.swift in Sources */,
				043E5D7A2758212A00ADC004 /* SwitchType.swift in Sources */,
				04E03B00275F93B900EA5FB9 /* AirPodsSwitch.swift in Sources */,
				043E5D6F2758116800ADC004 /* NSSound_SystemVolumeExtension.swift in Sources */,
				0424348F27565F9F0044D0AD /* NSAppleEventDescriptor.swift in Sources */,
				04447B782755129D00CD2900 /* EventMonitor.swift in Sources */,
				0493372327615A4900AE779A /* AutohideMenuBarSwitch.swift in Sources */,
				04243487275641DB0044D0AD /* SwitchProvider.swift in Sources */,
				0493372527615EA400AE779A /* HiddenFilesSwitch.swift in Sources */,
				04E03AF8275E6B4E00EA5FB9 /* AutohideDockSwitch.swift in Sources */,
				04E03B06275FEBE200EA5FB9 /* AirPodsBatteryView.swift in Sources */,
				04447B702754F21A00CD2900 /* StatusBarController.swift in Sources */,
				040E972D27611DEA003D9D42 /* XcodeCacheSwitch.swift in Sources */,
				043E5D662757C84900ADC004 /* HiddenModifier.swift in Sources */,
				043E5D712758176B00ADC004 /* SwitchToggle.swift in Sources */,
				040E97272760FF3E003D9D42 /* MetadataExtractorError.swift in Sources */,
				0443A6B82759A99700A3BCFD /* ScreenSaverSwitch.swift in Sources */,
			);
			runOnlyForDeploymentPostprocessing = 0;
		};
/* End PBXSourcesBuildPhase section */

/* Begin XCBuildConfiguration section */
		04447B6A2754F08100CD2900 /* Debug */ = {
			isa = XCBuildConfiguration;
			buildSettings = {
				ALWAYS_SEARCH_USER_PATHS = NO;
				CLANG_ANALYZER_NONNULL = YES;
				CLANG_ANALYZER_NUMBER_OBJECT_CONVERSION = YES_AGGRESSIVE;
				CLANG_CXX_LANGUAGE_STANDARD = "gnu++17";
				CLANG_CXX_LIBRARY = "libc++";
				CLANG_ENABLE_MODULES = YES;
				CLANG_ENABLE_OBJC_ARC = YES;
				CLANG_ENABLE_OBJC_WEAK = YES;
				CLANG_WARN_BLOCK_CAPTURE_AUTORELEASING = YES;
				CLANG_WARN_BOOL_CONVERSION = YES;
				CLANG_WARN_COMMA = YES;
				CLANG_WARN_CONSTANT_CONVERSION = YES;
				CLANG_WARN_DEPRECATED_OBJC_IMPLEMENTATIONS = YES;
				CLANG_WARN_DIRECT_OBJC_ISA_USAGE = YES_ERROR;
				CLANG_WARN_DOCUMENTATION_COMMENTS = YES;
				CLANG_WARN_EMPTY_BODY = YES;
				CLANG_WARN_ENUM_CONVERSION = YES;
				CLANG_WARN_INFINITE_RECURSION = YES;
				CLANG_WARN_INT_CONVERSION = YES;
				CLANG_WARN_NON_LITERAL_NULL_CONVERSION = YES;
				CLANG_WARN_OBJC_IMPLICIT_RETAIN_SELF = YES;
				CLANG_WARN_OBJC_LITERAL_CONVERSION = YES;
				CLANG_WARN_OBJC_ROOT_CLASS = YES_ERROR;
				CLANG_WARN_QUOTED_INCLUDE_IN_FRAMEWORK_HEADER = YES;
				CLANG_WARN_RANGE_LOOP_ANALYSIS = YES;
				CLANG_WARN_STRICT_PROTOTYPES = YES;
				CLANG_WARN_SUSPICIOUS_MOVE = YES;
				CLANG_WARN_UNGUARDED_AVAILABILITY = YES_AGGRESSIVE;
				CLANG_WARN_UNREACHABLE_CODE = YES;
				CLANG_WARN__DUPLICATE_METHOD_MATCH = YES;
				COPY_PHASE_STRIP = NO;
				DEBUG_INFORMATION_FORMAT = dwarf;
				ENABLE_STRICT_OBJC_MSGSEND = YES;
				ENABLE_TESTABILITY = YES;
				GCC_C_LANGUAGE_STANDARD = gnu11;
				GCC_DYNAMIC_NO_PIC = NO;
				GCC_NO_COMMON_BLOCKS = YES;
				GCC_OPTIMIZATION_LEVEL = 0;
				GCC_PREPROCESSOR_DEFINITIONS = (
					"DEBUG=1",
					"$(inherited)",
				);
				GCC_WARN_64_TO_32_BIT_CONVERSION = YES;
				GCC_WARN_ABOUT_RETURN_TYPE = YES_ERROR;
				GCC_WARN_UNDECLARED_SELECTOR = YES;
				GCC_WARN_UNINITIALIZED_AUTOS = YES_AGGRESSIVE;
				GCC_WARN_UNUSED_FUNCTION = YES;
				GCC_WARN_UNUSED_VARIABLE = YES;
				MACOSX_DEPLOYMENT_TARGET = 12.0;
				MTL_ENABLE_DEBUG_INFO = INCLUDE_SOURCE;
				MTL_FAST_MATH = YES;
				ONLY_ACTIVE_ARCH = YES;
				SDKROOT = macosx;
				SWIFT_ACTIVE_COMPILATION_CONDITIONS = DEBUG;
				SWIFT_OPTIMIZATION_LEVEL = "-Onone";
			};
			name = Debug;
		};
		04447B6B2754F08100CD2900 /* Release */ = {
			isa = XCBuildConfiguration;
			buildSettings = {
				ALWAYS_SEARCH_USER_PATHS = NO;
				CLANG_ANALYZER_NONNULL = YES;
				CLANG_ANALYZER_NUMBER_OBJECT_CONVERSION = YES_AGGRESSIVE;
				CLANG_CXX_LANGUAGE_STANDARD = "gnu++17";
				CLANG_CXX_LIBRARY = "libc++";
				CLANG_ENABLE_MODULES = YES;
				CLANG_ENABLE_OBJC_ARC = YES;
				CLANG_ENABLE_OBJC_WEAK = YES;
				CLANG_WARN_BLOCK_CAPTURE_AUTORELEASING = YES;
				CLANG_WARN_BOOL_CONVERSION = YES;
				CLANG_WARN_COMMA = YES;
				CLANG_WARN_CONSTANT_CONVERSION = YES;
				CLANG_WARN_DEPRECATED_OBJC_IMPLEMENTATIONS = YES;
				CLANG_WARN_DIRECT_OBJC_ISA_USAGE = YES_ERROR;
				CLANG_WARN_DOCUMENTATION_COMMENTS = YES;
				CLANG_WARN_EMPTY_BODY = YES;
				CLANG_WARN_ENUM_CONVERSION = YES;
				CLANG_WARN_INFINITE_RECURSION = YES;
				CLANG_WARN_INT_CONVERSION = YES;
				CLANG_WARN_NON_LITERAL_NULL_CONVERSION = YES;
				CLANG_WARN_OBJC_IMPLICIT_RETAIN_SELF = YES;
				CLANG_WARN_OBJC_LITERAL_CONVERSION = YES;
				CLANG_WARN_OBJC_ROOT_CLASS = YES_ERROR;
				CLANG_WARN_QUOTED_INCLUDE_IN_FRAMEWORK_HEADER = YES;
				CLANG_WARN_RANGE_LOOP_ANALYSIS = YES;
				CLANG_WARN_STRICT_PROTOTYPES = YES;
				CLANG_WARN_SUSPICIOUS_MOVE = YES;
				CLANG_WARN_UNGUARDED_AVAILABILITY = YES_AGGRESSIVE;
				CLANG_WARN_UNREACHABLE_CODE = YES;
				CLANG_WARN__DUPLICATE_METHOD_MATCH = YES;
				COPY_PHASE_STRIP = NO;
				DEBUG_INFORMATION_FORMAT = "dwarf-with-dsym";
				ENABLE_NS_ASSERTIONS = NO;
				ENABLE_STRICT_OBJC_MSGSEND = YES;
				GCC_C_LANGUAGE_STANDARD = gnu11;
				GCC_NO_COMMON_BLOCKS = YES;
				GCC_WARN_64_TO_32_BIT_CONVERSION = YES;
				GCC_WARN_ABOUT_RETURN_TYPE = YES_ERROR;
				GCC_WARN_UNDECLARED_SELECTOR = YES;
				GCC_WARN_UNINITIALIZED_AUTOS = YES_AGGRESSIVE;
				GCC_WARN_UNUSED_FUNCTION = YES;
				GCC_WARN_UNUSED_VARIABLE = YES;
				MACOSX_DEPLOYMENT_TARGET = 12.0;
				MTL_ENABLE_DEBUG_INFO = NO;
				MTL_FAST_MATH = YES;
				SDKROOT = macosx;
				SWIFT_COMPILATION_MODE = wholemodule;
				SWIFT_OPTIMIZATION_LEVEL = "-O";
			};
			name = Release;
		};
		04447B6D2754F08100CD2900 /* Debug */ = {
			isa = XCBuildConfiguration;
			buildSettings = {
				ASSETCATALOG_COMPILER_APPICON_NAME = AppIcon;
				ASSETCATALOG_COMPILER_GLOBAL_ACCENT_COLOR_NAME = AccentColor;
				CODE_SIGN_ENTITLEMENTS = OnlySwitch/OnlySwitch.entitlements;
				CODE_SIGN_IDENTITY = "Apple Development";
				CODE_SIGN_STYLE = Automatic;
				COMBINE_HIDPI_IMAGES = YES;
				CURRENT_PROJECT_VERSION = 7;
				DEVELOPMENT_ASSET_PATHS = "\"OnlySwitch/Preview Content\"";
				DEVELOPMENT_TEAM = B22726TNGH;
				ENABLE_HARDENED_RUNTIME = YES;
				ENABLE_PREVIEWS = YES;
				FRAMEWORK_SEARCH_PATHS = (
					"$(inherited)",
					"$(PROJECT_DIR)",
					"$(PROJECT_DIR)/OnlySwitch",
					"$(SYSTEM_LIBRARY_DIR)/PrivateFrameworks",
				);
				GENERATE_INFOPLIST_FILE = YES;
				INFOPLIST_FILE = OnlySwitch/Info.plist;
				INFOPLIST_KEY_CFBundleDisplayName = "Only Switch";
				INFOPLIST_KEY_NSAppleEventsUsageDescription = "Only Switch requests Apple Event usage to switch dark mode";
				INFOPLIST_KEY_NSBluetoothAlwaysUsageDescription = "Only Switch requests Bluetooth usage to switch Airpods connection";
				INFOPLIST_KEY_NSHumanReadableCopyright = "Copyright © 2021 Jacklandrin";
				INFOPLIST_KEY_NSPrincipalClass = NSApplication;
				LD_RUNPATH_SEARCH_PATHS = (
					"$(inherited)",
					"@executable_path/../Frameworks",
				);
				MARKETING_VERSION = 0.6;
				PRODUCT_BUNDLE_IDENTIFIER = jacklandrin.OnlySwitch;
				PRODUCT_NAME = "$(TARGET_NAME)";
				SKIP_INSTALL = NO;
				SWIFT_EMIT_LOC_STRINGS = YES;
				SWIFT_OBJC_BRIDGING_HEADER = "OnlySwitch/Header/OnlySwitch-Bridging-Header.h";
				SWIFT_VERSION = 5.0;
				SYSTEM_FRAMEWORK_SEARCH_PATHS = (
					"$(inherited)",
					"$(SYSTEM_LIBRARY_DIR)/PrivateFrameworks/CoreBrightness.framework/Versions/A",
				);
			};
			name = Debug;
		};
		04447B6E2754F08100CD2900 /* Release */ = {
			isa = XCBuildConfiguration;
			buildSettings = {
				ASSETCATALOG_COMPILER_APPICON_NAME = AppIcon;
				ASSETCATALOG_COMPILER_GLOBAL_ACCENT_COLOR_NAME = AccentColor;
				CODE_SIGN_ENTITLEMENTS = OnlySwitch/OnlySwitch.entitlements;
				CODE_SIGN_IDENTITY = "Apple Development";
				CODE_SIGN_STYLE = Automatic;
				COMBINE_HIDPI_IMAGES = YES;
				CURRENT_PROJECT_VERSION = 7;
				DEVELOPMENT_ASSET_PATHS = "\"OnlySwitch/Preview Content\"";
				DEVELOPMENT_TEAM = B22726TNGH;
				ENABLE_HARDENED_RUNTIME = YES;
				ENABLE_PREVIEWS = YES;
				FRAMEWORK_SEARCH_PATHS = (
					"$(inherited)",
					"$(PROJECT_DIR)",
					"$(PROJECT_DIR)/OnlySwitch",
					"$(SYSTEM_LIBRARY_DIR)/PrivateFrameworks",
				);
				GENERATE_INFOPLIST_FILE = YES;
				INFOPLIST_FILE = OnlySwitch/Info.plist;
				INFOPLIST_KEY_CFBundleDisplayName = "Only Switch";
				INFOPLIST_KEY_NSAppleEventsUsageDescription = "Only Switch requests Apple Event usage to switch dark mode";
				INFOPLIST_KEY_NSBluetoothAlwaysUsageDescription = "Only Switch requests Bluetooth usage to switch Airpods connection";
				INFOPLIST_KEY_NSHumanReadableCopyright = "Copyright © 2021 Jacklandrin";
				INFOPLIST_KEY_NSPrincipalClass = NSApplication;
				LD_RUNPATH_SEARCH_PATHS = (
					"$(inherited)",
					"@executable_path/../Frameworks",
				);
				MARKETING_VERSION = 0.6;
				PRODUCT_BUNDLE_IDENTIFIER = jacklandrin.OnlySwitch;
				PRODUCT_NAME = "$(TARGET_NAME)";
				SKIP_INSTALL = NO;
				SWIFT_EMIT_LOC_STRINGS = YES;
				SWIFT_OBJC_BRIDGING_HEADER = "OnlySwitch/Header/OnlySwitch-Bridging-Header.h";
				SWIFT_VERSION = 5.0;
				SYSTEM_FRAMEWORK_SEARCH_PATHS = (
					"$(inherited)",
					"$(SYSTEM_LIBRARY_DIR)/PrivateFrameworks/CoreBrightness.framework/Versions/A",
				);
			};
			name = Release;
		};
/* End XCBuildConfiguration section */

/* Begin XCConfigurationList section */
		04447B532754F08000CD2900 /* Build configuration list for PBXProject "OnlySwitch" */ = {
			isa = XCConfigurationList;
			buildConfigurations = (
				04447B6A2754F08100CD2900 /* Debug */,
				04447B6B2754F08100CD2900 /* Release */,
			);
			defaultConfigurationIsVisible = 0;
			defaultConfigurationName = Release;
		};
		04447B6C2754F08100CD2900 /* Build configuration list for PBXNativeTarget "OnlySwitch" */ = {
			isa = XCConfigurationList;
			buildConfigurations = (
				04447B6D2754F08100CD2900 /* Debug */,
				04447B6E2754F08100CD2900 /* Release */,
			);
			defaultConfigurationIsVisible = 0;
			defaultConfigurationName = Release;
		};
/* End XCConfigurationList section */

/* Begin XCRemoteSwiftPackageReference section */
		0430887C275D707C00877E51 /* XCRemoteSwiftPackageReference "LaunchAtLogin" */ = {
			isa = XCRemoteSwiftPackageReference;
			repositoryURL = "https://github.com/sindresorhus/LaunchAtLogin";
			requirement = {
				kind = upToNextMajorVersion;
				minimumVersion = 4.0.0;
			};
		};
/* End XCRemoteSwiftPackageReference section */

/* Begin XCSwiftPackageProductDependency section */
		0430887D275D707C00877E51 /* LaunchAtLogin */ = {
			isa = XCSwiftPackageProductDependency;
			package = 0430887C275D707C00877E51 /* XCRemoteSwiftPackageReference "LaunchAtLogin" */;
			productName = LaunchAtLogin;
		};
/* End XCSwiftPackageProductDependency section */
	};
	rootObject = 04447B502754F08000CD2900 /* Project object */;
}
